// !$*UTF8*$!
{
	archiveVersion = 1;
	classes = {
	};
	objectVersion = 46;
	objects = {

/* Begin PBXBuildFile section */
		00000000008063A1000160D3 /* libiPhone-lib.a in Frameworks */ = {isa = PBXBuildFile; fileRef = D8A1C72A0E8063A1000160D3 /* libiPhone-lib.a */; };
		03F528631B447098000F4FB8 /* Il2CppOptions.cpp in Sources */ = {isa = PBXBuildFile; fileRef = 03F528621B447098000F4FB8 /* Il2CppOptions.cpp */; };
		04DA4848B2519F36F1BD6B65 /* ssdk_oks_classic_twitter.png in Resources */ = {isa = PBXBuildFile; fileRef = E0A843F5A3082927BB8D8353 /* ssdk_oks_classic_twitter.png */; };
		05AD4A5298775F87BCF8961C /* System.Core.dll.s in Sources */ = {isa = PBXBuildFile; fileRef = 5CE34679BDE145FC9A857A94 /* System.Core.dll.s */; };
		07D44228B1DBCBB8E234299C /* ssdk_oks_classic_yixinmoments.png in Resources */ = {isa = PBXBuildFile; fileRef = 9EA7406A8C4BF5B7C4946792 /* ssdk_oks_classic_yixinmoments.png */; };
		08B24F76137BFDFA00FBA309 /* iAd.framework in Frameworks */ = {isa = PBXBuildFile; fileRef = 08B24F75137BFDFA00FBA309 /* iAd.framework */; settings = {ATTRIBUTES = (Weak, ); }; };
		0933443BABBA91FCF6B08A5D /* ssdk_oks_classic_alipay.png in Resources */ = {isa = PBXBuildFile; fileRef = 7DDC444C9D145D714AC7CD09 /* ssdk_oks_classic_alipay.png */; };
		099D49EC93E07103ED4235FC /* ssdk_oks_classic_pinterest.png in Resources */ = {isa = PBXBuildFile; fileRef = F73B486699766A79E7DFEF01 /* ssdk_oks_classic_pinterest.png */; };
		0AB4451C96C8A3591C137E02 /* ssdk_logo.png in Resources */ = {isa = PBXBuildFile; fileRef = AB474DB0925181E491E2ECFF /* ssdk_logo.png */; };
		1859EA9B19214E7B0022C3D3 /* MetalHelper.mm in Sources */ = {isa = PBXBuildFile; fileRef = 1859EA9A19214E7B0022C3D3 /* MetalHelper.mm */; };
		19EB4B43BB721BEECFA9E29B /* ssdk_oks_classic_facebookmessenger.png in Resources */ = {isa = PBXBuildFile; fileRef = 1E6F437B8026D32A17143E6D /* ssdk_oks_classic_facebookmessenger.png */; };
		1A8E48418942721E9B3852E6 /* ssdk_oks_classic_douban.png in Resources */ = {isa = PBXBuildFile; fileRef = 475B4FED874BE397EC265069 /* ssdk_oks_classic_douban.png */; };
		1D60589F0D05DD5A006BFB54 /* Foundation.framework in Frameworks */ = {isa = PBXBuildFile; fileRef = 1D30AB110D05D00D00671497 /* Foundation.framework */; };
		26974A3AA991D35C95FB4DBF /* ssdk_oks_classic_vkontakte.png in Resources */ = {isa = PBXBuildFile; fileRef = F01447EF8C26F5F0D7FED865 /* ssdk_oks_classic_vkontakte.png */; };
		29BF4EC5B3FADD888429CDA3 /* LaunchScreen-iPad.png in Resources */ = {isa = PBXBuildFile; fileRef = 2F2547DA8CB83C90375DE43B /* LaunchScreen-iPad.png */; };
		2CB04AA6BEEE4E72F295941E /* ssdk_oks_classic_mingdao.png in Resources */ = {isa = PBXBuildFile; fileRef = 131C48179830DBF9CACB446C /* ssdk_oks_classic_mingdao.png */; };
		2DF649CF8CF64493E27B63F3 /* ssdk_oks_classic_instagram.png in Resources */ = {isa = PBXBuildFile; fileRef = F1454365AD971355F34F3FAD /* ssdk_oks_classic_instagram.png */; };
		36614CAEAA880C2A3707AF6A /* ssdk_oks_classic_email.png in Resources */ = {isa = PBXBuildFile; fileRef = 365840349D8D7324793C93E3 /* ssdk_oks_classic_email.png */; };
		3753414AB6B9660CD068BA29 /* ssdk_title_div.png in Resources */ = {isa = PBXBuildFile; fileRef = A8A844438DDD7254B0738EBC /* ssdk_title_div.png */; };
		3C184CDB8AE16C59877B69D5 /* ssdk_oks_classic_alipaymoments.png in Resources */ = {isa = PBXBuildFile; fileRef = 0EBE41C898755E7408ED6D37 /* ssdk_oks_classic_alipaymoments.png */; };
		4248457B8DEC010F62ACE208 /* ssdk_oks_classic_renren.png in Resources */ = {isa = PBXBuildFile; fileRef = B4D545E690B13072D61D4781 /* ssdk_oks_classic_renren.png */; };
		44044AE18E48FFF26CE36168 /* ssdk_oks_classic_kakaostory.png in Resources */ = {isa = PBXBuildFile; fileRef = 0F4045DC84AFD0AB24D72C3A /* ssdk_oks_classic_kakaostory.png */; };
		451F47BDB8C1AAB41CF7C6CA /* ssdk_oks_classic_kaixin.png in Resources */ = {isa = PBXBuildFile; fileRef = 38034B9BBC946F1C343DB676 /* ssdk_oks_classic_kaixin.png */; };
		49AA43ECA7B10DF18882F45A /* ssdk_oks_classic_wechatmoments.png in Resources */ = {isa = PBXBuildFile; fileRef = D26548D195E166D4C5B8179C /* ssdk_oks_classic_wechatmoments.png */; };
		53104170A757C0FA83D40552 /* ssdk_oks_classic_youdao.png in Resources */ = {isa = PBXBuildFile; fileRef = F5B54AAE8F9B0AEDF3EB851D /* ssdk_oks_classic_youdao.png */; };
		5623C57617FDCB0800090B9E /* Foundation.framework in Frameworks */ = {isa = PBXBuildFile; fileRef = 1D30AB110D05D00D00671497 /* Foundation.framework */; };
		5623C57717FDCB0800090B9E /* UIKit.framework in Frameworks */ = {isa = PBXBuildFile; fileRef = 830B5C100E5ED4C100C7819F /* UIKit.framework */; };
		5623C57D17FDCB0900090B9E = {isa = PBXBuildFile; fileRef = 5623C57B17FDCB0900090B9E /* InfoPlist.strings */; };
		5623C57F17FDCB0900090B9E /* Unity_iPhone_Tests.m in Sources */ = {isa = PBXBuildFile; fileRef = 5623C57E17FDCB0900090B9E /* Unity_iPhone_Tests.m */; };
		5682F4B20F3B34FF007A219C /* MediaPlayer.framework in Frameworks */ = {isa = PBXBuildFile; fileRef = 5682F4B10F3B34FF007A219C /* MediaPlayer.framework */; };
		5692F3DD0FA9D8E500EBA2F1 /* CoreLocation.framework in Frameworks */ = {isa = PBXBuildFile; fileRef = 5692F3DC0FA9D8E500EBA2F1 /* CoreLocation.framework */; };
		56B7959B1442E0F20026B3DD /* CoreGraphics.framework in Frameworks */ = {isa = PBXBuildFile; fileRef = 56B7959A1442E0F20026B3DD /* CoreGraphics.framework */; };
		56B7960F1442E1770026B3DD /* CoreMotion.framework in Frameworks */ = {isa = PBXBuildFile; fileRef = 56B795C11442E1100026B3DD /* CoreMotion.framework */; settings = {ATTRIBUTES = (Weak, ); }; };
		56BCBA390FCF049A0030C3B2 /* SystemConfiguration.framework in Frameworks */ = {isa = PBXBuildFile; fileRef = 56BCBA380FCF049A0030C3B2 /* SystemConfiguration.framework */; };
		56C56C9817D6015200616839 /* Images.xcassets in Resources */ = {isa = PBXBuildFile; fileRef = 56C56C9717D6015100616839 /* Images.xcassets */; };
		56DBF99D15E3CDC9007A4A8D /* iPhone_Sensors.mm in Sources */ = {isa = PBXBuildFile; fileRef = 56DBF99C15E3CDC9007A4A8D /* iPhone_Sensors.mm */; };
		56FD43960ED4745200FE3770 /* CFNetwork.framework in Frameworks */ = {isa = PBXBuildFile; fileRef = 56FD43950ED4745200FE3770 /* CFNetwork.framework */; };
		602846F7AFA5AA656F7E7964 /* Assembly-CSharp-firstpass.dll.s in Sources */ = {isa = PBXBuildFile; fileRef = F20D427CAA7F4544CF8DC161 /* Assembly-CSharp-firstpass.dll.s */; };
		631541D7A320483C38F6859C /* ssdk_back_arr.png in Resources */ = {isa = PBXBuildFile; fileRef = FBA04DF3B66329CD450B06E3 /* ssdk_back_arr.png */; };
		71664286AF2EFE873C31379D /* mscorlib.dll.s in Sources */ = {isa = PBXBuildFile; fileRef = 32D94F4FB303C800E3BC4815 /* mscorlib.dll.s */; };
		71F74FB29C45851FA9C39BB0 /* ssdk_oks_classic_dropbox.png in Resources */ = {isa = PBXBuildFile; fileRef = 43CA40DEB4495F45DF0D7FC2 /* ssdk_oks_classic_dropbox.png */; };
		7866400CA209EAEA96CC22EF /* ssdk_oks_classic_line.png in Resources */ = {isa = PBXBuildFile; fileRef = B4CF4788B6B38ABE8AF57F93 /* ssdk_oks_classic_line.png */; };
		79914AF09BE38AA120819DC0 /* LaunchScreen-iPhone.xib in Resources */ = {isa = PBXBuildFile; fileRef = 8BCB4C6F911037B4CBE1B3CC /* LaunchScreen-iPhone.xib */; };
		7AE24A789E7E32398AF49B1C /* UnityEngine.UI.dll.s in Sources */ = {isa = PBXBuildFile; fileRef = 488748088F912CF684F1D0AD /* UnityEngine.UI.dll.s */; };
		7D4C422A93E9CCB2649ACE4F /* UnityEngine.dll.s in Sources */ = {isa = PBXBuildFile; fileRef = 5E8F43F5BE25999383C785D5 /* UnityEngine.dll.s */; };
		7DF14745AB3EEEFA720290B3 /* ssdk_auth_title_back.png in Resources */ = {isa = PBXBuildFile; fileRef = 5DFE4548AAAAA46D1D054D0D /* ssdk_auth_title_back.png */; };
		7F1B4E36AC667947A67B5531 /* ssdk_oks_classic_pocket.png in Resources */ = {isa = PBXBuildFile; fileRef = D7624389A9FC6839AF8B8C19 /* ssdk_oks_classic_pocket.png */; };
		7F36C11113C5C673007FBDD9 /* CoreMedia.framework in Frameworks */ = {isa = PBXBuildFile; fileRef = 7F36C10E13C5C673007FBDD9 /* CoreMedia.framework */; };
		7F36C11213C5C673007FBDD9 /* CoreVideo.framework in Frameworks */ = {isa = PBXBuildFile; fileRef = 7F36C10F13C5C673007FBDD9 /* CoreVideo.framework */; };
		7F36C11313C5C673007FBDD9 /* AVFoundation.framework in Frameworks */ = {isa = PBXBuildFile; fileRef = 7F36C11013C5C673007FBDD9 /* AVFoundation.framework */; settings = {ATTRIBUTES = (Weak, ); }; };
		830B5C110E5ED4C100C7819F /* UIKit.framework in Frameworks */ = {isa = PBXBuildFile; fileRef = 830B5C100E5ED4C100C7819F /* UIKit.framework */; };
		8358D1B80ED1CC3700E3A684 /* AudioToolbox.framework in Frameworks */ = {isa = PBXBuildFile; fileRef = 8358D1B70ED1CC3700E3A684 /* AudioToolbox.framework */; };
		83B256E20E62FEA000468741 /* OpenGLES.framework in Frameworks */ = {isa = PBXBuildFile; fileRef = 83B256E10E62FEA000468741 /* OpenGLES.framework */; };
		83B2570B0E62FF8A00468741 /* QuartzCore.framework in Frameworks */ = {isa = PBXBuildFile; fileRef = 83B2570A0E62FF8A00468741 /* QuartzCore.framework */; };
		83B2574C0E63022200468741 /* OpenAL.framework in Frameworks */ = {isa = PBXBuildFile; fileRef = 83B2574B0E63022200468741 /* OpenAL.framework */; };
		83B2574F0E63025400468741 /* libiconv.2.dylib in Frameworks */ = {isa = PBXBuildFile; fileRef = 83B2574E0E63025400468741 /* libiconv.2.dylib */; };
		848031E11C5160D700FCEAB7 /* UnityReplayKit_Scripting.mm in Sources */ = {isa = PBXBuildFile; fileRef = 848031E01C5160D700FCEAB7 /* UnityReplayKit_Scripting.mm */; };
		849342919B3564B108062737 /* ssdk_oks_classic_facebook.png in Resources */ = {isa = PBXBuildFile; fileRef = B66C4B38B3CB64B0D0E8BDC9 /* ssdk_oks_classic_facebook.png */; };
		84DC28F61C5137FE00BC67D7 /* UnityReplayKit.mm in Sources */ = {isa = PBXBuildFile; fileRef = 84DC28F51C5137FE00BC67D7 /* UnityReplayKit.mm */; };
		88704FC9A6281BE9FC8B07A9 /* ssdk_oks_classic_laiwangmoments.png in Resources */ = {isa = PBXBuildFile; fileRef = C59D49D08105FEF20524EB27 /* ssdk_oks_classic_laiwangmoments.png */; };
		88B04832944D7682971DD0FE /* ssdk_oks_classic_qq.png in Resources */ = {isa = PBXBuildFile; fileRef = A93C495B839E63000ADA71A7 /* ssdk_oks_classic_qq.png */; };
		8A07E1061715A5AB000EDC6F /* iAD.mm in Sources */ = {isa = PBXBuildFile; fileRef = 8A07E1051715A5AB000EDC6F /* iAD.mm */; };
		8A0FED491649699200E9727D /* EAGLContextHelper.mm in Sources */ = {isa = PBXBuildFile; fileRef = 8A0FED481649699200E9727D /* EAGLContextHelper.mm */; };
		8A142DC61636943E00DD87CA /* Keyboard.mm in Sources */ = {isa = PBXBuildFile; fileRef = 8A142DC51636943E00DD87CA /* Keyboard.mm */; };
		8A16150C1A8E4362006FA788 /* FullScreenVideoPlayer.mm in Sources */ = {isa = PBXBuildFile; fileRef = 8A16150B1A8E4362006FA788 /* FullScreenVideoPlayer.mm */; };
		8A1FFFAD16512A9000DD0934 /* GlesHelper.mm in Sources */ = {isa = PBXBuildFile; fileRef = 8A1FFFAC16512A9000DD0934 /* GlesHelper.mm */; };
		8A25E6D218D767E20006A227 /* Filesystem.mm in Sources */ = {isa = PBXBuildFile; fileRef = 8A25E6D118D767E20006A227 /* Filesystem.mm */; };
		8A2AA93516E0978D001FB470 /* CMVideoSampling.mm in Sources */ = {isa = PBXBuildFile; fileRef = 8A2AA93416E0978D001FB470 /* CMVideoSampling.mm */; };
		8A367F5B16A6D36F0012ED11 /* CVTextureCache.mm in Sources */ = {isa = PBXBuildFile; fileRef = 8A367F5A16A6D36F0012ED11 /* CVTextureCache.mm */; };
		8A3EDDC81615B7C1001839E9 /* SplashScreen.mm in Sources */ = {isa = PBXBuildFile; fileRef = 8A3EDDC71615B7C1001839E9 /* SplashScreen.mm */; };
		8A4815C117A28E7F003FBFD5 /* UnityAppController+ViewHandling.mm in Sources */ = {isa = PBXBuildFile; fileRef = 8A4815C017A287D2003FBFD5 /* UnityAppController+ViewHandling.mm */; };
		8A5C1492174E662D0006EB36 /* RenderPluginDelegate.mm in Sources */ = {isa = PBXBuildFile; fileRef = 8A5C1491174E662D0006EB36 /* RenderPluginDelegate.mm */; };
		8A5E0B9116849D1800CBB6FE /* DisplayManager.mm in Sources */ = {isa = PBXBuildFile; fileRef = 8A5E0B9016849D1800CBB6FE /* DisplayManager.mm */; };
		8A6137141A10BCA200059EDF /* ObjCRuntime.mm in Sources */ = {isa = PBXBuildFile; fileRef = 8A6137131A10BCA200059EDF /* ObjCRuntime.mm */; };
		8A6720A519EEB905006C92E0 /* InternalProfiler.cpp in Sources */ = {isa = PBXBuildFile; fileRef = 8A6720A319EEB905006C92E0 /* InternalProfiler.cpp */; };
		8A7057D1171EA29600A1332D /* iAD_Scripting.mm in Sources */ = {isa = PBXBuildFile; fileRef = 8A7057D0171EA29600A1332D /* iAD_Scripting.mm */; };
		8A851BA716FB2F6D00E911DB /* UnityView.mm in Sources */ = {isa = PBXBuildFile; fileRef = 8A851BA616FB2F6D00E911DB /* UnityView.mm */; };
		8A851BAA16FB3AD000E911DB /* UnityAppController.mm in Sources */ = {isa = PBXBuildFile; fileRef = 8A851BA916FB3AD000E911DB /* UnityAppController.mm */; };
		8A8D90DA1A274A7800456C4E /* UnityAppController+UnityInterface.mm in Sources */ = {isa = PBXBuildFile; fileRef = 8A8D90D91A274A7800456C4E /* UnityAppController+UnityInterface.mm */; };
		8A9FCB131617295F00C05364 /* ActivityIndicator.mm in Sources */ = {isa = PBXBuildFile; fileRef = 8A9FCB121617295F00C05364 /* ActivityIndicator.mm */; };
		8AA568AE1827DD79004969C7 /* WWWConnection.mm in Sources */ = {isa = PBXBuildFile; fileRef = 8AA568AD1827DD79004969C7 /* WWWConnection.mm */; };
		8AA5D80217ABE9AF007B9910 /* UnityAppController+Rendering.mm in Sources */ = {isa = PBXBuildFile; fileRef = 8AA5D80117ABE9AF007B9910 /* UnityAppController+Rendering.mm */; };
		8AB3CB3E16D390BB00697AD5 /* VideoPlayer.mm in Sources */ = {isa = PBXBuildFile; fileRef = 8AB3CB3D16D390BB00697AD5 /* VideoPlayer.mm */; };
		8AC71EC419E7FBA90027502F /* OrientationSupport.mm in Sources */ = {isa = PBXBuildFile; fileRef = 8AC71EC319E7FBA90027502F /* OrientationSupport.mm */; };
		8AC74A9519B47FEF00019D38 /* AVCapture.mm in Sources */ = {isa = PBXBuildFile; fileRef = 8AC74A9419B47FEF00019D38 /* AVCapture.mm */; };
		8ACB801C177081D4005D0019 /* DeviceSettings.mm in Sources */ = {isa = PBXBuildFile; fileRef = 8ACB801B177081D4005D0019 /* DeviceSettings.mm */; };
		8ADCE38B19C87177006F04F6 /* CameraCapture.mm in Sources */ = {isa = PBXBuildFile; fileRef = 8ADCE38A19C87177006F04F6 /* CameraCapture.mm */; };
		8AF7755D1799329100341121 /* LifeCycleListener.mm in Sources */ = {isa = PBXBuildFile; fileRef = 8A292A9817992CE100409BA4 /* LifeCycleListener.mm */; };
		8AF7756017997D2700341121 /* AppDelegateListener.mm in Sources */ = {isa = PBXBuildFile; fileRef = 8AF7755F17997D1300341121 /* AppDelegateListener.mm */; };
		8D0D43AC94C0C2FC64F29E93 /* ssdk_oks_classic_wechat.png in Resources */ = {isa = PBXBuildFile; fileRef = 20684B3EB5D0BAC41DC291D4 /* ssdk_oks_classic_wechat.png */; };
		8E9445FC9E1DC30B18A49704 /* ssdk_oks_classic_yixin.png in Resources */ = {isa = PBXBuildFile; fileRef = 394F46DA854D3B94A09EED1E /* ssdk_oks_classic_yixin.png */; };
		8ED542ABB60C9CA0137B77FD /* System.dll.s in Sources */ = {isa = PBXBuildFile; fileRef = AA68455193C838939DC8266B /* System.dll.s */; };
		938D48A3A32E12D51BC22110 /* ssdk_oks_classic_instapaper.png in Resources */ = {isa = PBXBuildFile; fileRef = 07AC4639A5E884126A494BEE /* ssdk_oks_classic_instapaper.png */; };
		94DE42DFBB95AD040CDB5F81 /* Assembly-CSharp.dll.s in Sources */ = {isa = PBXBuildFile; fileRef = 166E4776B2FB7FED2C4F3367 /* Assembly-CSharp.dll.s */; };
		960047D1874714DE9CA33E31 /* ssdk_oks_classic_foursquare.png in Resources */ = {isa = PBXBuildFile; fileRef = B0CC4567BC4EFF4F8501F02C /* ssdk_oks_classic_foursquare.png */; };
		999475201A7BC3AE00178130 /* UnityAdsUnityWrapper.mm in Sources */ = {isa = PBXBuildFile; fileRef = 9994751F1A7BC3AE00178130 /* UnityAdsUnityWrapper.mm */; };
		A295426B99A65B249BD93460 /* ssdk_oks_classic_tumblr.png in Resources */ = {isa = PBXBuildFile; fileRef = 803D44BFB37BF9CDE2C38CBB /* ssdk_oks_classic_tumblr.png */; };
		A3D74EDEA67D16D976E0E67F /* ssdk_oks_classic_wechatfavorite.png in Resources */ = {isa = PBXBuildFile; fileRef = 580342D9B00D4741BB5FC14A /* ssdk_oks_classic_wechatfavorite.png */; };
		A72243CE8A2763B81B8A9098 /* LaunchScreen-iPhonePortrait.png in Resources */ = {isa = PBXBuildFile; fileRef = C424425E8F9E15554FD58F72 /* LaunchScreen-iPhonePortrait.png */; };
		A9364093BD88C236F0D8045D /* ssdk_oks_classic_laiwang.png in Resources */ = {isa = PBXBuildFile; fileRef = 85794DB8AE56770C973CB35F /* ssdk_oks_classic_laiwang.png */; };
		AA31BF971B55660D0013FB1B /* Data in Resources */ = {isa = PBXBuildFile; fileRef = AA31BF961B55660D0013FB1B /* Data */; };
		AA5D99871AFAD3C800B27605 /* CoreText.framework in Frameworks */ = {isa = PBXBuildFile; fileRef = AA5D99861AFAD3C800B27605 /* CoreText.framework */; };
		AA6C5DF91A13842A0030E49A = {isa = PBXBuildFile; fileRef = AA6C5DF71A13842A0030E49A /* LaunchScreenImage-Landscape.png */; };
		AA6C5DFA1A13842A0030E49A = {isa = PBXBuildFile; fileRef = AA6C5DF81A13842A0030E49A /* LaunchScreenImage-Portrait.png */; };
		AA8F4B691BD917A10024E7E3 /* UnityViewControllerBaseiOS.mm in Sources */ = {isa = PBXBuildFile; fileRef = AA8F4B661BD917A10024E7E3 /* UnityViewControllerBaseiOS.mm */; };
		AA8F4B6A1BD917A10024E7E3 /* UnityViewControllerBaseTV.mm in Sources */ = {isa = PBXBuildFile; fileRef = AA8F4B681BD917A10024E7E3 /* UnityViewControllerBaseTV.mm */; };
		AAC3E38D1A68945900F6174A /* RegisterFeatures.cpp in Sources */ = {isa = PBXBuildFile; fileRef = AAC3E38B1A68945900F6174A /* RegisterFeatures.cpp */; };
		AAFE69D219F187C200638316 /* UnityViewControllerListener.mm in Sources */ = {isa = PBXBuildFile; fileRef = AAFE69D119F187C200638316 /* UnityViewControllerListener.mm */; };
		AE0A489E89EEBA1136A61ADC /* ssdk_oks_classic_check_default.png in Resources */ = {isa = PBXBuildFile; fileRef = 335F447DA985145D9B0445E2 /* ssdk_oks_classic_check_default.png */; };
		B12F443EA3DC445844D99F0A /* ssdk_oks_classic_evernote.png in Resources */ = {isa = PBXBuildFile; fileRef = 4AB846EEB3875FB33D959FD6 /* ssdk_oks_classic_evernote.png */; };
		B13F405CA7F11B60E2F17D94 /* ssdk_oks_classic_check_checked.png in Resources */ = {isa = PBXBuildFile; fileRef = 800E4686BAFF696ECD346717 /* ssdk_oks_classic_check_checked.png */; };
		B14F4FDC9C3653A3FEF4DDA4 /* ssdk_oks_classic_linkedin.png in Resources */ = {isa = PBXBuildFile; fileRef = A51A4B4FAFCD4A1BF29E4B38 /* ssdk_oks_classic_linkedin.png */; };
		B1BD452C869B1260F589E197 /* ssdk_oks_classic_kakaotalk.png in Resources */ = {isa = PBXBuildFile; fileRef = 2744448A858EA20A3A9224AB /* ssdk_oks_classic_kakaotalk.png */; };
		BB644220B926FD94278B3156 /* ssdk_oks_ptr_ptr.png in Resources */ = {isa = PBXBuildFile; fileRef = CCA84405B885D04A6572D923 /* ssdk_oks_ptr_ptr.png */; };
		BD7D480E99FBB0FD894FC8FD /* ssdk_oks_classic_tencentweibo.png in Resources */ = {isa = PBXBuildFile; fileRef = 952940E28CE28720873F3F8E /* ssdk_oks_classic_tencentweibo.png */; };
		C8DD4B01AB8738F62AB5F67C /* ssdk_oks_classic_bluetooth.png in Resources */ = {isa = PBXBuildFile; fileRef = 67F244E6913755C07316C585 /* ssdk_oks_classic_bluetooth.png */; };
		CE754141ABD6AF8F050E537D /* ssdk_oks_classic_flickr.png in Resources */ = {isa = PBXBuildFile; fileRef = 3E8846D388F4FE0C9CB34151 /* ssdk_oks_classic_flickr.png */; };
		D36941CD8A6A95F8B8CAF6AE /* LaunchScreen-iPad.xib in Resources */ = {isa = PBXBuildFile; fileRef = 2CD7455EA59EAA9A13363E5B /* LaunchScreen-iPad.xib */; };
		D3D446D19C653988BC089E8B /* ssdk_oks_classic_sinaweibo.png in Resources */ = {isa = PBXBuildFile; fileRef = 36004535BC81DA6C97759B99 /* ssdk_oks_classic_sinaweibo.png */; };
		D4864E23A39E55F07C88B2BB /* UnityEngine.Networking.dll.s in Sources */ = {isa = PBXBuildFile; fileRef = B6404DC19C77B716A919F82D /* UnityEngine.Networking.dll.s */; };
		D6E4495F8BA57B83E2BADA3D /* LaunchScreen-iPhoneLandscape.png in Resources */ = {isa = PBXBuildFile; fileRef = 820B4E0881CF0F8203ADF6B6 /* LaunchScreen-iPhoneLandscape.png */; };
		D82DCFC30E8000A5005D6AD8 /* main.mm in Sources */ = {isa = PBXBuildFile; fileRef = D82DCFBB0E8000A5005D6AD8 /* main.mm */; };
		D8A1C7280E80637F000160D3 /* RegisterMonoModules.cpp in Sources */ = {isa = PBXBuildFile; fileRef = D8A1C7240E80637F000160D3 /* RegisterMonoModules.cpp */; };
		DCE14BBBA9DE598DEF826B62 /* Mono.Security.dll.s in Sources */ = {isa = PBXBuildFile; fileRef = B14246908C5594327A0B9607 /* Mono.Security.dll.s */; };
		E0AD41EF964CBFDE5D9388CA /* ShareSDKUnity3DBridge.m in Sources */ = {isa = PBXBuildFile; fileRef = 7A6B4AB4809DBB5767721CA3 /* ShareSDKUnity3DBridge.m */; };
		E5BC4D62813C30614DEF9C7D /* ssdk_oks_classic_whatsapp.png in Resources */ = {isa = PBXBuildFile; fileRef = 469848AC9A689639F9C363B1 /* ssdk_oks_classic_whatsapp.png */; };
		ECA54B0DA7FECF03352B7CDE /* ssdk_oks_classic_qzone.png in Resources */ = {isa = PBXBuildFile; fileRef = 4AE14CCDB2647884FB9CD355 /* ssdk_oks_classic_qzone.png */; };
		EE1144E49604971DE9C0C493 /* ssdk_oks_classic_shortmessage.png in Resources */ = {isa = PBXBuildFile; fileRef = D5624DF2822D68452B192F2E /* ssdk_oks_classic_shortmessage.png */; };
		F3B24399905CE6B187E1ED44 /* ssdk_oks_classic_googleplus.png in Resources */ = {isa = PBXBuildFile; fileRef = C9B4435C89B094138CE0BA0B /* ssdk_oks_classic_googleplus.png */; };
		FC0B20A21B7A4F0B00FDFC55 /* OnDemandResources.mm in Sources */ = {isa = PBXBuildFile; fileRef = FC0B20A11B7A4F0B00FDFC55 /* OnDemandResources.mm */; };
		FC85CCBB16C3ED8000BAF7C7 /* CrashReporter.mm in Sources */ = {isa = PBXBuildFile; fileRef = FC85CCB916C3ED8000BAF7C7 /* CrashReporter.mm */; };
/* End PBXBuildFile section */

/* Begin PBXContainerItemProxy section */
		5623C58117FDCB0900090B9E /* PBXContainerItemProxy */ = {
			isa = PBXContainerItemProxy;
			containerPortal = 29B97313FDCFA39411CA2CEA /* Project object */;
			proxyType = 1;
			remoteGlobalIDString = 1D6058900D05DD3D006BFB54;
			remoteInfo = "Unity-iPhone";
		};
/* End PBXContainerItemProxy section */

/* Begin PBXCopyFilesBuildPhase section */
		83D0C1FD0E6C8D7700EBCE5D /* CopyFiles */ = {
			isa = PBXCopyFilesBuildPhase;
			buildActionMask = 2147483647;
			dstPath = "";
			dstSubfolderSpec = 0;
			files = (
			);
			runOnlyForDeploymentPostprocessing = 0;
		};
/* End PBXCopyFilesBuildPhase section */

/* Begin PBXFileReference section */
		03F528621B447098000F4FB8 /* Il2CppOptions.cpp */ = {isa = PBXFileReference; fileEncoding = 4; lastKnownFileType = sourcecode.cpp.cpp; path = Il2CppOptions.cpp; sourceTree = "<group>"; };
		07AC4639A5E884126A494BEE /* ssdk_oks_classic_instapaper.png */ = {isa = PBXFileReference; lastKnownFileType = image.png; name = ssdk_oks_classic_instapaper.png; path = "Libraries/Plugins/Android/ShareSDK/res/drawable-xhdpi/ssdk_oks_classic_instapaper.png"; sourceTree = SOURCE_ROOT; };
		08B24F75137BFDFA00FBA309 /* iAd.framework */ = {isa = PBXFileReference; lastKnownFileType = wrapper.framework; name = iAd.framework; path = System/Library/Frameworks/iAd.framework; sourceTree = SDKROOT; };
		0EBE41C898755E7408ED6D37 /* ssdk_oks_classic_alipaymoments.png */ = {isa = PBXFileReference; lastKnownFileType = image.png; name = ssdk_oks_classic_alipaymoments.png; path = "Libraries/Plugins/Android/ShareSDK/res/drawable-xhdpi/ssdk_oks_classic_alipaymoments.png"; sourceTree = SOURCE_ROOT; };
		0F4045DC84AFD0AB24D72C3A /* ssdk_oks_classic_kakaostory.png */ = {isa = PBXFileReference; lastKnownFileType = image.png; name = ssdk_oks_classic_kakaostory.png; path = "Libraries/Plugins/Android/ShareSDK/res/drawable-xhdpi/ssdk_oks_classic_kakaostory.png"; sourceTree = SOURCE_ROOT; };
		131C48179830DBF9CACB446C /* ssdk_oks_classic_mingdao.png */ = {isa = PBXFileReference; lastKnownFileType = image.png; name = ssdk_oks_classic_mingdao.png; path = "Libraries/Plugins/Android/ShareSDK/res/drawable-xhdpi/ssdk_oks_classic_mingdao.png"; sourceTree = SOURCE_ROOT; };
		166E4776B2FB7FED2C4F3367 /* Assembly-CSharp.dll.s */ = {isa = PBXFileReference; lastKnownFileType = sourcecode.asm; name = "Assembly-CSharp.dll.s"; path = "Libraries/Assembly-CSharp.dll.s"; sourceTree = SOURCE_ROOT; };
		1859EA9A19214E7B0022C3D3 /* MetalHelper.mm */ = {isa = PBXFileReference; fileEncoding = 4; lastKnownFileType = sourcecode.cpp.objcpp; path = MetalHelper.mm; sourceTree = "<group>"; };
		1D30AB110D05D00D00671497 /* Foundation.framework */ = {isa = PBXFileReference; lastKnownFileType = wrapper.framework; name = Foundation.framework; path = System/Library/Frameworks/Foundation.framework; sourceTree = SDKROOT; };
		1D6058910D05DD3D006BFB54 /* Unity-Target-New.app */ = {isa = PBXFileReference; explicitFileType = wrapper.application; includeInIndex = 0; path = "Unity-Target-New.app"; sourceTree = BUILT_PRODUCTS_DIR; };
		1E6F437B8026D32A17143E6D /* ssdk_oks_classic_facebookmessenger.png */ = {isa = PBXFileReference; lastKnownFileType = image.png; name = ssdk_oks_classic_facebookmessenger.png; path = "Libraries/Plugins/Android/ShareSDK/res/drawable-xhdpi/ssdk_oks_classic_facebookmessenger.png"; sourceTree = SOURCE_ROOT; };
		20684B3EB5D0BAC41DC291D4 /* ssdk_oks_classic_wechat.png */ = {isa = PBXFileReference; lastKnownFileType = image.png; name = ssdk_oks_classic_wechat.png; path = "Libraries/Plugins/Android/ShareSDK/res/drawable-xhdpi/ssdk_oks_classic_wechat.png"; sourceTree = SOURCE_ROOT; };
		2744448A858EA20A3A9224AB /* ssdk_oks_classic_kakaotalk.png */ = {isa = PBXFileReference; lastKnownFileType = image.png; name = ssdk_oks_classic_kakaotalk.png; path = "Libraries/Plugins/Android/ShareSDK/res/drawable-xhdpi/ssdk_oks_classic_kakaotalk.png"; sourceTree = SOURCE_ROOT; };
		2CD7455EA59EAA9A13363E5B /* LaunchScreen-iPad.xib */ = {isa = PBXFileReference; lastKnownFileType = file.xib; path = "LaunchScreen-iPad.xib"; sourceTree = SOURCE_ROOT; };
		2F2547DA8CB83C90375DE43B /* LaunchScreen-iPad.png */ = {isa = PBXFileReference; lastKnownFileType = image.png; path = "LaunchScreen-iPad.png"; sourceTree = SOURCE_ROOT; };
		32D94F4FB303C800E3BC4815 /* mscorlib.dll.s */ = {isa = PBXFileReference; lastKnownFileType = sourcecode.asm; name = mscorlib.dll.s; path = Libraries/mscorlib.dll.s; sourceTree = SOURCE_ROOT; };
		335F447DA985145D9B0445E2 /* ssdk_oks_classic_check_default.png */ = {isa = PBXFileReference; lastKnownFileType = image.png; name = ssdk_oks_classic_check_default.png; path = "Libraries/Plugins/Android/ShareSDK/res/drawable-xhdpi/ssdk_oks_classic_check_default.png"; sourceTree = SOURCE_ROOT; };
		36004535BC81DA6C97759B99 /* ssdk_oks_classic_sinaweibo.png */ = {isa = PBXFileReference; lastKnownFileType = image.png; name = ssdk_oks_classic_sinaweibo.png; path = "Libraries/Plugins/Android/ShareSDK/res/drawable-xhdpi/ssdk_oks_classic_sinaweibo.png"; sourceTree = SOURCE_ROOT; };
		365840349D8D7324793C93E3 /* ssdk_oks_classic_email.png */ = {isa = PBXFileReference; lastKnownFileType = image.png; name = ssdk_oks_classic_email.png; path = "Libraries/Plugins/Android/ShareSDK/res/drawable-xhdpi/ssdk_oks_classic_email.png"; sourceTree = SOURCE_ROOT; };
		37914BC7BC7F5D3748DCF0A5 /* ShareSDKUnity3DBridge.h */ = {isa = PBXFileReference; lastKnownFileType = sourcecode.c.h; name = ShareSDKUnity3DBridge.h; path = "/Users/chenjd/GitHub/New-Unity-For-ShareSDK/Unity3D-ShareSDK/Assets/Plugins/iOS/ShareSDKUnity3DBridge.h"; sourceTree = "<absolute>"; };
		38034B9BBC946F1C343DB676 /* ssdk_oks_classic_kaixin.png */ = {isa = PBXFileReference; lastKnownFileType = image.png; name = ssdk_oks_classic_kaixin.png; path = "Libraries/Plugins/Android/ShareSDK/res/drawable-xhdpi/ssdk_oks_classic_kaixin.png"; sourceTree = SOURCE_ROOT; };
		394F46DA854D3B94A09EED1E /* ssdk_oks_classic_yixin.png */ = {isa = PBXFileReference; lastKnownFileType = image.png; name = ssdk_oks_classic_yixin.png; path = "Libraries/Plugins/Android/ShareSDK/res/drawable-xhdpi/ssdk_oks_classic_yixin.png"; sourceTree = SOURCE_ROOT; };
		3E8846D388F4FE0C9CB34151 /* ssdk_oks_classic_flickr.png */ = {isa = PBXFileReference; lastKnownFileType = image.png; name = ssdk_oks_classic_flickr.png; path = "Libraries/Plugins/Android/ShareSDK/res/drawable-xhdpi/ssdk_oks_classic_flickr.png"; sourceTree = SOURCE_ROOT; };
		43CA40DEB4495F45DF0D7FC2 /* ssdk_oks_classic_dropbox.png */ = {isa = PBXFileReference; lastKnownFileType = image.png; name = ssdk_oks_classic_dropbox.png; path = "Libraries/Plugins/Android/ShareSDK/res/drawable-xhdpi/ssdk_oks_classic_dropbox.png"; sourceTree = SOURCE_ROOT; };
		469848AC9A689639F9C363B1 /* ssdk_oks_classic_whatsapp.png */ = {isa = PBXFileReference; lastKnownFileType = image.png; name = ssdk_oks_classic_whatsapp.png; path = "Libraries/Plugins/Android/ShareSDK/res/drawable-xhdpi/ssdk_oks_classic_whatsapp.png"; sourceTree = SOURCE_ROOT; };
		475B4FED874BE397EC265069 /* ssdk_oks_classic_douban.png */ = {isa = PBXFileReference; lastKnownFileType = image.png; name = ssdk_oks_classic_douban.png; path = "Libraries/Plugins/Android/ShareSDK/res/drawable-xhdpi/ssdk_oks_classic_douban.png"; sourceTree = SOURCE_ROOT; };
		488748088F912CF684F1D0AD /* UnityEngine.UI.dll.s */ = {isa = PBXFileReference; lastKnownFileType = sourcecode.asm; name = UnityEngine.UI.dll.s; path = Libraries/UnityEngine.UI.dll.s; sourceTree = SOURCE_ROOT; };
		4AB846EEB3875FB33D959FD6 /* ssdk_oks_classic_evernote.png */ = {isa = PBXFileReference; lastKnownFileType = image.png; name = ssdk_oks_classic_evernote.png; path = "Libraries/Plugins/Android/ShareSDK/res/drawable-xhdpi/ssdk_oks_classic_evernote.png"; sourceTree = SOURCE_ROOT; };
		4AE14CCDB2647884FB9CD355 /* ssdk_oks_classic_qzone.png */ = {isa = PBXFileReference; lastKnownFileType = image.png; name = ssdk_oks_classic_qzone.png; path = "Libraries/Plugins/Android/ShareSDK/res/drawable-xhdpi/ssdk_oks_classic_qzone.png"; sourceTree = SOURCE_ROOT; };
		5623C57317FDCB0800090B9E /* Unity-iPhone Tests.xctest */ = {isa = PBXFileReference; explicitFileType = wrapper.cfbundle; includeInIndex = 0; path = "Unity-iPhone Tests.xctest"; sourceTree = BUILT_PRODUCTS_DIR; };
		5623C57A17FDCB0900090B9E /* Unity-iPhone Tests-Info.plist */ = {isa = PBXFileReference; lastKnownFileType = text.plist.xml; path = "Unity-iPhone Tests-Info.plist"; sourceTree = "<group>"; };
		5623C57C17FDCB0900090B9E /* en */ = {isa = PBXFileReference; lastKnownFileType = text.plist.strings; name = en; path = en.lproj/InfoPlist.strings; sourceTree = "<group>"; };
		5623C57E17FDCB0900090B9E /* Unity_iPhone_Tests.m */ = {isa = PBXFileReference; lastKnownFileType = sourcecode.c.objc; path = Unity_iPhone_Tests.m; sourceTree = "<group>"; };
		5623C58017FDCB0900090B9E /* Unity-iPhone Tests-Prefix.pch */ = {isa = PBXFileReference; lastKnownFileType = sourcecode.c.h; path = "Unity-iPhone Tests-Prefix.pch"; sourceTree = "<group>"; };
		5682F4B10F3B34FF007A219C /* MediaPlayer.framework */ = {isa = PBXFileReference; lastKnownFileType = wrapper.framework; name = MediaPlayer.framework; path = System/Library/Frameworks/MediaPlayer.framework; sourceTree = SDKROOT; };
		5692F3DC0FA9D8E500EBA2F1 /* CoreLocation.framework */ = {isa = PBXFileReference; lastKnownFileType = wrapper.framework; name = CoreLocation.framework; path = System/Library/Frameworks/CoreLocation.framework; sourceTree = SDKROOT; };
		56B7959A1442E0F20026B3DD /* CoreGraphics.framework */ = {isa = PBXFileReference; lastKnownFileType = wrapper.framework; name = CoreGraphics.framework; path = System/Library/Frameworks/CoreGraphics.framework; sourceTree = SDKROOT; };
		56B795C11442E1100026B3DD /* CoreMotion.framework */ = {isa = PBXFileReference; lastKnownFileType = wrapper.framework; name = CoreMotion.framework; path = System/Library/Frameworks/CoreMotion.framework; sourceTree = SDKROOT; };
		56BCBA380FCF049A0030C3B2 /* SystemConfiguration.framework */ = {isa = PBXFileReference; lastKnownFileType = wrapper.framework; name = SystemConfiguration.framework; path = System/Library/Frameworks/SystemConfiguration.framework; sourceTree = SDKROOT; };
		56C56C9717D6015100616839 /* Images.xcassets */ = {isa = PBXFileReference; lastKnownFileType = folder.assetcatalog; name = Images.xcassets; path = "Unity-iPhone/Images.xcassets"; sourceTree = "<group>"; };
		56DBF99C15E3CDC9007A4A8D /* iPhone_Sensors.mm */ = {isa = PBXFileReference; fileEncoding = 4; lastKnownFileType = sourcecode.cpp.objcpp; path = iPhone_Sensors.mm; sourceTree = "<group>"; };
		56DBF99E15E3CE85007A4A8D /* iPhone_Sensors.h */ = {isa = PBXFileReference; fileEncoding = 4; lastKnownFileType = sourcecode.c.h; path = iPhone_Sensors.h; sourceTree = "<group>"; };
		56FD43950ED4745200FE3770 /* CFNetwork.framework */ = {isa = PBXFileReference; lastKnownFileType = wrapper.framework; name = CFNetwork.framework; path = System/Library/Frameworks/CFNetwork.framework; sourceTree = SDKROOT; };
		580342D9B00D4741BB5FC14A /* ssdk_oks_classic_wechatfavorite.png */ = {isa = PBXFileReference; lastKnownFileType = image.png; name = ssdk_oks_classic_wechatfavorite.png; path = "Libraries/Plugins/Android/ShareSDK/res/drawable-xhdpi/ssdk_oks_classic_wechatfavorite.png"; sourceTree = SOURCE_ROOT; };
		5CE34679BDE145FC9A857A94 /* System.Core.dll.s */ = {isa = PBXFileReference; lastKnownFileType = sourcecode.asm; name = System.Core.dll.s; path = Libraries/System.Core.dll.s; sourceTree = SOURCE_ROOT; };
		5DFE4548AAAAA46D1D054D0D /* ssdk_auth_title_back.png */ = {isa = PBXFileReference; lastKnownFileType = image.png; name = ssdk_auth_title_back.png; path = "Libraries/Plugins/Android/ShareSDK/res/drawable-xhdpi/ssdk_auth_title_back.png"; sourceTree = SOURCE_ROOT; };
		5E8F43F5BE25999383C785D5 /* UnityEngine.dll.s */ = {isa = PBXFileReference; lastKnownFileType = sourcecode.asm; name = UnityEngine.dll.s; path = Libraries/UnityEngine.dll.s; sourceTree = SOURCE_ROOT; };
		67F244E6913755C07316C585 /* ssdk_oks_classic_bluetooth.png */ = {isa = PBXFileReference; lastKnownFileType = image.png; name = ssdk_oks_classic_bluetooth.png; path = "Libraries/Plugins/Android/ShareSDK/res/drawable-xhdpi/ssdk_oks_classic_bluetooth.png"; sourceTree = SOURCE_ROOT; };
		7A6B4AB4809DBB5767721CA3 /* ShareSDKUnity3DBridge.m */ = {isa = PBXFileReference; lastKnownFileType = sourcecode.c.objc; name = ShareSDKUnity3DBridge.m; path = "/Users/chenjd/GitHub/New-Unity-For-ShareSDK/Unity3D-ShareSDK/Assets/Plugins/iOS/ShareSDKUnity3DBridge.m"; sourceTree = "<absolute>"; };
		7D354131B430024924E453AE /* IUnityGraphicsMetal.h */ = {isa = PBXFileReference; lastKnownFileType = sourcecode.c.h; name = IUnityGraphicsMetal.h; path = Classes/Unity/IUnityGraphicsMetal.h; sourceTree = SOURCE_ROOT; };
		7DDC444C9D145D714AC7CD09 /* ssdk_oks_classic_alipay.png */ = {isa = PBXFileReference; lastKnownFileType = image.png; name = ssdk_oks_classic_alipay.png; path = "Libraries/Plugins/Android/ShareSDK/res/drawable-xhdpi/ssdk_oks_classic_alipay.png"; sourceTree = SOURCE_ROOT; };
		7F36C10E13C5C673007FBDD9 /* CoreMedia.framework */ = {isa = PBXFileReference; lastKnownFileType = wrapper.framework; name = CoreMedia.framework; path = System/Library/Frameworks/CoreMedia.framework; sourceTree = SDKROOT; };
		7F36C10F13C5C673007FBDD9 /* CoreVideo.framework */ = {isa = PBXFileReference; lastKnownFileType = wrapper.framework; name = CoreVideo.framework; path = System/Library/Frameworks/CoreVideo.framework; sourceTree = SDKROOT; };
		7F36C11013C5C673007FBDD9 /* AVFoundation.framework */ = {isa = PBXFileReference; lastKnownFileType = wrapper.framework; name = AVFoundation.framework; path = System/Library/Frameworks/AVFoundation.framework; sourceTree = SDKROOT; };
		800E4686BAFF696ECD346717 /* ssdk_oks_classic_check_checked.png */ = {isa = PBXFileReference; lastKnownFileType = image.png; name = ssdk_oks_classic_check_checked.png; path = "Libraries/Plugins/Android/ShareSDK/res/drawable-xhdpi/ssdk_oks_classic_check_checked.png"; sourceTree = SOURCE_ROOT; };
		803D44BFB37BF9CDE2C38CBB /* ssdk_oks_classic_tumblr.png */ = {isa = PBXFileReference; lastKnownFileType = image.png; name = ssdk_oks_classic_tumblr.png; path = "Libraries/Plugins/Android/ShareSDK/res/drawable-xhdpi/ssdk_oks_classic_tumblr.png"; sourceTree = SOURCE_ROOT; };
		820B4E0881CF0F8203ADF6B6 /* LaunchScreen-iPhoneLandscape.png */ = {isa = PBXFileReference; lastKnownFileType = image.png; path = "LaunchScreen-iPhoneLandscape.png"; sourceTree = SOURCE_ROOT; };
		830B5C100E5ED4C100C7819F /* UIKit.framework */ = {isa = PBXFileReference; lastKnownFileType = wrapper.framework; name = UIKit.framework; path = System/Library/Frameworks/UIKit.framework; sourceTree = SDKROOT; };
		8358D1B70ED1CC3700E3A684 /* AudioToolbox.framework */ = {isa = PBXFileReference; lastKnownFileType = wrapper.framework; name = AudioToolbox.framework; path = System/Library/Frameworks/AudioToolbox.framework; sourceTree = SDKROOT; };
		83B256E10E62FEA000468741 /* OpenGLES.framework */ = {isa = PBXFileReference; lastKnownFileType = wrapper.framework; name = OpenGLES.framework; path = System/Library/Frameworks/OpenGLES.framework; sourceTree = SDKROOT; };
		83B2570A0E62FF8A00468741 /* QuartzCore.framework */ = {isa = PBXFileReference; lastKnownFileType = wrapper.framework; name = QuartzCore.framework; path = System/Library/Frameworks/QuartzCore.framework; sourceTree = SDKROOT; };
		83B2574B0E63022200468741 /* OpenAL.framework */ = {isa = PBXFileReference; lastKnownFileType = wrapper.framework; name = OpenAL.framework; path = System/Library/Frameworks/OpenAL.framework; sourceTree = SDKROOT; };
		83B2574E0E63025400468741 /* libiconv.2.dylib */ = {isa = PBXFileReference; lastKnownFileType = "compiled.mach-o.dylib"; name = libiconv.2.dylib; path = usr/lib/libiconv.2.dylib; sourceTree = SDKROOT; };
		848031E01C5160D700FCEAB7 /* UnityReplayKit_Scripting.mm */ = {isa = PBXFileReference; fileEncoding = 4; lastKnownFileType = sourcecode.cpp.objcpp; path = UnityReplayKit_Scripting.mm; sourceTree = "<group>"; };
		84DC28F51C5137FE00BC67D7 /* UnityReplayKit.mm */ = {isa = PBXFileReference; fileEncoding = 4; lastKnownFileType = sourcecode.cpp.objcpp; path = UnityReplayKit.mm; sourceTree = "<group>"; };
		84DC28F71C51383500BC67D7 /* UnityReplayKit.h */ = {isa = PBXFileReference; fileEncoding = 4; lastKnownFileType = sourcecode.c.h; path = UnityReplayKit.h; sourceTree = "<group>"; };
		85794DB8AE56770C973CB35F /* ssdk_oks_classic_laiwang.png */ = {isa = PBXFileReference; lastKnownFileType = image.png; name = ssdk_oks_classic_laiwang.png; path = "Libraries/Plugins/Android/ShareSDK/res/drawable-xhdpi/ssdk_oks_classic_laiwang.png"; sourceTree = SOURCE_ROOT; };
		8A07E1041715A5AB000EDC6F /* iAD.h */ = {isa = PBXFileReference; fileEncoding = 4; lastKnownFileType = sourcecode.c.h; path = iAD.h; sourceTree = "<group>"; };
		8A07E1051715A5AB000EDC6F /* iAD.mm */ = {isa = PBXFileReference; fileEncoding = 4; lastKnownFileType = sourcecode.cpp.objcpp; path = iAD.mm; sourceTree = "<group>"; };
		8A0FED471649699200E9727D /* EAGLContextHelper.h */ = {isa = PBXFileReference; fileEncoding = 4; lastKnownFileType = sourcecode.c.h; path = EAGLContextHelper.h; sourceTree = "<group>"; };
		8A0FED481649699200E9727D /* EAGLContextHelper.mm */ = {isa = PBXFileReference; fileEncoding = 4; lastKnownFileType = sourcecode.cpp.objcpp; path = EAGLContextHelper.mm; sourceTree = "<group>"; };
		8A142DC41636943E00DD87CA /* Keyboard.h */ = {isa = PBXFileReference; fileEncoding = 4; lastKnownFileType = sourcecode.c.h; path = Keyboard.h; sourceTree = "<group>"; };
		8A142DC51636943E00DD87CA /* Keyboard.mm */ = {isa = PBXFileReference; fileEncoding = 4; lastKnownFileType = sourcecode.cpp.objcpp; path = Keyboard.mm; sourceTree = "<group>"; };
		8A16150B1A8E4362006FA788 /* FullScreenVideoPlayer.mm */ = {isa = PBXFileReference; fileEncoding = 4; lastKnownFileType = sourcecode.cpp.objcpp; path = FullScreenVideoPlayer.mm; sourceTree = "<group>"; };
		8A1FFFAB16512A9000DD0934 /* GlesHelper.h */ = {isa = PBXFileReference; fileEncoding = 4; lastKnownFileType = sourcecode.c.h; path = GlesHelper.h; sourceTree = "<group>"; };
		8A1FFFAC16512A9000DD0934 /* GlesHelper.mm */ = {isa = PBXFileReference; fileEncoding = 4; lastKnownFileType = sourcecode.cpp.objcpp; path = GlesHelper.mm; sourceTree = "<group>"; };
		8A21AED21622F59300AF8007 /* UnityViewControllerBase.h */ = {isa = PBXFileReference; fileEncoding = 4; lastKnownFileType = sourcecode.c.h; path = UnityViewControllerBase.h; sourceTree = "<group>"; };
		8A25E6D118D767E20006A227 /* Filesystem.mm */ = {isa = PBXFileReference; fileEncoding = 4; lastKnownFileType = sourcecode.cpp.objcpp; path = Filesystem.mm; sourceTree = "<group>"; };
		8A292A9717992CE100409BA4 /* LifeCycleListener.h */ = {isa = PBXFileReference; lastKnownFileType = sourcecode.c.h; path = LifeCycleListener.h; sourceTree = "<group>"; };
		8A292A9817992CE100409BA4 /* LifeCycleListener.mm */ = {isa = PBXFileReference; lastKnownFileType = sourcecode.cpp.objcpp; path = LifeCycleListener.mm; sourceTree = "<group>"; };
		8A2AA93316E0978D001FB470 /* CMVideoSampling.h */ = {isa = PBXFileReference; fileEncoding = 4; lastKnownFileType = sourcecode.c.h; path = CMVideoSampling.h; sourceTree = "<group>"; };
		8A2AA93416E0978D001FB470 /* CMVideoSampling.mm */ = {isa = PBXFileReference; fileEncoding = 4; lastKnownFileType = sourcecode.cpp.objcpp; path = CMVideoSampling.mm; sourceTree = "<group>"; };
		8A367F5916A6D36F0012ED11 /* CVTextureCache.h */ = {isa = PBXFileReference; fileEncoding = 4; lastKnownFileType = sourcecode.c.h; path = CVTextureCache.h; sourceTree = "<group>"; };
		8A367F5A16A6D36F0012ED11 /* CVTextureCache.mm */ = {isa = PBXFileReference; fileEncoding = 4; lastKnownFileType = sourcecode.cpp.objcpp; path = CVTextureCache.mm; sourceTree = "<group>"; };
		8A3EDDC61615B7C1001839E9 /* SplashScreen.h */ = {isa = PBXFileReference; fileEncoding = 4; lastKnownFileType = sourcecode.c.h; path = SplashScreen.h; sourceTree = "<group>"; };
		8A3EDDC71615B7C1001839E9 /* SplashScreen.mm */ = {isa = PBXFileReference; fileEncoding = 4; lastKnownFileType = sourcecode.cpp.objcpp; path = SplashScreen.mm; sourceTree = "<group>"; };
		8A4815BF17A287D2003FBFD5 /* UnityAppController+ViewHandling.h */ = {isa = PBXFileReference; lastKnownFileType = sourcecode.c.h; path = "UnityAppController+ViewHandling.h"; sourceTree = "<group>"; };
		8A4815C017A287D2003FBFD5 /* UnityAppController+ViewHandling.mm */ = {isa = PBXFileReference; lastKnownFileType = sourcecode.cpp.objcpp; path = "UnityAppController+ViewHandling.mm"; sourceTree = "<group>"; };
		8A5C1490174E662D0006EB36 /* RenderPluginDelegate.h */ = {isa = PBXFileReference; fileEncoding = 4; lastKnownFileType = sourcecode.c.h; path = RenderPluginDelegate.h; sourceTree = "<group>"; };
		8A5C1491174E662D0006EB36 /* RenderPluginDelegate.mm */ = {isa = PBXFileReference; fileEncoding = 4; lastKnownFileType = sourcecode.cpp.objcpp; path = RenderPluginDelegate.mm; sourceTree = "<group>"; };
		8A5E0B8F16849D1800CBB6FE /* DisplayManager.h */ = {isa = PBXFileReference; fileEncoding = 4; lastKnownFileType = sourcecode.c.h; path = DisplayManager.h; sourceTree = "<group>"; };
		8A5E0B9016849D1800CBB6FE /* DisplayManager.mm */ = {isa = PBXFileReference; fileEncoding = 4; lastKnownFileType = sourcecode.cpp.objcpp; path = DisplayManager.mm; sourceTree = "<group>"; };
		8A6137121A10B57700059EDF /* ObjCRuntime.h */ = {isa = PBXFileReference; fileEncoding = 4; lastKnownFileType = sourcecode.c.h; path = ObjCRuntime.h; sourceTree = "<group>"; };
		8A6137131A10BCA200059EDF /* ObjCRuntime.mm */ = {isa = PBXFileReference; fileEncoding = 4; lastKnownFileType = sourcecode.cpp.objcpp; path = ObjCRuntime.mm; sourceTree = "<group>"; };
		8A6720A319EEB905006C92E0 /* InternalProfiler.cpp */ = {isa = PBXFileReference; fileEncoding = 4; lastKnownFileType = sourcecode.cpp.cpp; path = InternalProfiler.cpp; sourceTree = "<group>"; };
		8A6720A419EEB905006C92E0 /* InternalProfiler.h */ = {isa = PBXFileReference; fileEncoding = 4; lastKnownFileType = sourcecode.c.h; path = InternalProfiler.h; sourceTree = "<group>"; };
		8A6720A619EFAF25006C92E0 /* Prefix.pch */ = {isa = PBXFileReference; fileEncoding = 4; lastKnownFileType = sourcecode.c.h; path = Prefix.pch; sourceTree = "<group>"; };
		8A7057D0171EA29600A1332D /* iAD_Scripting.mm */ = {isa = PBXFileReference; fileEncoding = 4; lastKnownFileType = sourcecode.cpp.objcpp; path = iAD_Scripting.mm; sourceTree = "<group>"; };
		8A851BA516FB2F6D00E911DB /* UnityView.h */ = {isa = PBXFileReference; fileEncoding = 4; lastKnownFileType = sourcecode.c.h; path = UnityView.h; sourceTree = "<group>"; };
		8A851BA616FB2F6D00E911DB /* UnityView.mm */ = {isa = PBXFileReference; fileEncoding = 4; lastKnownFileType = sourcecode.cpp.objcpp; path = UnityView.mm; sourceTree = "<group>"; };
		8A851BA816FB3AD000E911DB /* UnityAppController.h */ = {isa = PBXFileReference; fileEncoding = 4; lastKnownFileType = sourcecode.c.h; path = UnityAppController.h; sourceTree = "<group>"; };
		8A851BA916FB3AD000E911DB /* UnityAppController.mm */ = {isa = PBXFileReference; fileEncoding = 4; lastKnownFileType = sourcecode.cpp.objcpp; path = UnityAppController.mm; sourceTree = "<group>"; };
		8A851BAB16FC875E00E911DB /* UnityInterface.h */ = {isa = PBXFileReference; fileEncoding = 4; lastKnownFileType = sourcecode.c.h; path = UnityInterface.h; sourceTree = "<group>"; };
		8A8D90D81A274A7800456C4E /* UnityAppController+UnityInterface.h */ = {isa = PBXFileReference; fileEncoding = 4; lastKnownFileType = sourcecode.c.h; path = "UnityAppController+UnityInterface.h"; sourceTree = "<group>"; };
		8A8D90D91A274A7800456C4E /* UnityAppController+UnityInterface.mm */ = {isa = PBXFileReference; fileEncoding = 4; lastKnownFileType = sourcecode.cpp.objcpp; path = "UnityAppController+UnityInterface.mm"; sourceTree = "<group>"; };
		8A90541019EE8843003D1039 /* UnityForwardDecls.h */ = {isa = PBXFileReference; fileEncoding = 4; lastKnownFileType = sourcecode.c.h; path = UnityForwardDecls.h; sourceTree = "<group>"; };
		8A9FCB111617295F00C05364 /* ActivityIndicator.h */ = {isa = PBXFileReference; fileEncoding = 4; lastKnownFileType = sourcecode.c.h; path = ActivityIndicator.h; sourceTree = "<group>"; };
		8A9FCB121617295F00C05364 /* ActivityIndicator.mm */ = {isa = PBXFileReference; fileEncoding = 4; lastKnownFileType = sourcecode.cpp.objcpp; path = ActivityIndicator.mm; sourceTree = "<group>"; };
		8AA108C01948732900D0538B /* UnityRendering.h */ = {isa = PBXFileReference; fileEncoding = 4; lastKnownFileType = sourcecode.c.h; path = UnityRendering.h; sourceTree = "<group>"; };
		8AA568AC1827DD79004969C7 /* WWWConnection.h */ = {isa = PBXFileReference; fileEncoding = 4; lastKnownFileType = sourcecode.c.h; path = WWWConnection.h; sourceTree = "<group>"; };
		8AA568AD1827DD79004969C7 /* WWWConnection.mm */ = {isa = PBXFileReference; fileEncoding = 4; lastKnownFileType = sourcecode.cpp.objcpp; path = WWWConnection.mm; sourceTree = "<group>"; };
		8AA5D80017ABE9AF007B9910 /* UnityAppController+Rendering.h */ = {isa = PBXFileReference; fileEncoding = 4; lastKnownFileType = sourcecode.c.h; path = "UnityAppController+Rendering.h"; sourceTree = "<group>"; };
		8AA5D80117ABE9AF007B9910 /* UnityAppController+Rendering.mm */ = {isa = PBXFileReference; fileEncoding = 4; lastKnownFileType = sourcecode.cpp.objcpp; path = "UnityAppController+Rendering.mm"; sourceTree = "<group>"; };
		8AA6ADDB17818CFD00A1C5F1 /* UnityTrampolineConfigure.h */ = {isa = PBXFileReference; lastKnownFileType = sourcecode.c.h; path = UnityTrampolineConfigure.h; sourceTree = "<group>"; };
		8AB3CB3C16D390BA00697AD5 /* VideoPlayer.h */ = {isa = PBXFileReference; fileEncoding = 4; lastKnownFileType = sourcecode.c.h; path = VideoPlayer.h; sourceTree = "<group>"; };
		8AB3CB3D16D390BB00697AD5 /* VideoPlayer.mm */ = {isa = PBXFileReference; fileEncoding = 4; lastKnownFileType = sourcecode.cpp.objcpp; path = VideoPlayer.mm; sourceTree = "<group>"; };
		8ABDBCE019CAFCF700A842FF /* AVCapture.h */ = {isa = PBXFileReference; fileEncoding = 4; lastKnownFileType = sourcecode.c.h; path = AVCapture.h; sourceTree = "<group>"; };
		8AC71EC219E7FBA90027502F /* OrientationSupport.h */ = {isa = PBXFileReference; fileEncoding = 4; lastKnownFileType = sourcecode.c.h; path = OrientationSupport.h; sourceTree = "<group>"; };
		8AC71EC319E7FBA90027502F /* OrientationSupport.mm */ = {isa = PBXFileReference; fileEncoding = 4; lastKnownFileType = sourcecode.cpp.objcpp; path = OrientationSupport.mm; sourceTree = "<group>"; };
		8AC74A9419B47FEF00019D38 /* AVCapture.mm */ = {isa = PBXFileReference; fileEncoding = 4; lastKnownFileType = sourcecode.cpp.objcpp; path = AVCapture.mm; sourceTree = "<group>"; };
		8ACB801B177081D4005D0019 /* DeviceSettings.mm */ = {isa = PBXFileReference; fileEncoding = 4; lastKnownFileType = sourcecode.cpp.objcpp; path = DeviceSettings.mm; sourceTree = "<group>"; };
		8ACB801D177081F7005D0019 /* Preprocessor.h */ = {isa = PBXFileReference; fileEncoding = 4; lastKnownFileType = sourcecode.c.h; path = Preprocessor.h; sourceTree = "<group>"; };
		8ADCE38919C87177006F04F6 /* CameraCapture.h */ = {isa = PBXFileReference; fileEncoding = 4; lastKnownFileType = sourcecode.c.h; path = CameraCapture.h; sourceTree = "<group>"; };
		8ADCE38A19C87177006F04F6 /* CameraCapture.mm */ = {isa = PBXFileReference; fileEncoding = 4; lastKnownFileType = sourcecode.cpp.objcpp; path = CameraCapture.mm; sourceTree = "<group>"; };
		8AECDC781950835600CB29E8 /* UnityMetalSupport.h */ = {isa = PBXFileReference; fileEncoding = 4; lastKnownFileType = sourcecode.c.h; path = UnityMetalSupport.h; sourceTree = "<group>"; };
		8AF7755E17997D1300341121 /* AppDelegateListener.h */ = {isa = PBXFileReference; lastKnownFileType = sourcecode.c.h; path = AppDelegateListener.h; sourceTree = "<group>"; };
		8AF7755F17997D1300341121 /* AppDelegateListener.mm */ = {isa = PBXFileReference; lastKnownFileType = sourcecode.cpp.objcpp; path = AppDelegateListener.mm; sourceTree = "<group>"; };
		8BCB4C6F911037B4CBE1B3CC /* LaunchScreen-iPhone.xib */ = {isa = PBXFileReference; lastKnownFileType = file.xib; path = "LaunchScreen-iPhone.xib"; sourceTree = SOURCE_ROOT; };
		8D1107310486CEB800E47090 /* Info.plist */ = {isa = PBXFileReference; fileEncoding = 4; lastKnownFileType = text.plist.xml; path = Info.plist; sourceTree = "<group>"; };
		952940E28CE28720873F3F8E /* ssdk_oks_classic_tencentweibo.png */ = {isa = PBXFileReference; lastKnownFileType = image.png; name = ssdk_oks_classic_tencentweibo.png; path = "Libraries/Plugins/Android/ShareSDK/res/drawable-xhdpi/ssdk_oks_classic_tencentweibo.png"; sourceTree = SOURCE_ROOT; };
		9994751E1A7BC3AE00178130 /* UnityAdsUnityWrapper.h */ = {isa = PBXFileReference; fileEncoding = 4; lastKnownFileType = sourcecode.c.h; name = UnityAdsUnityWrapper.h; path = UnityAds/UnityAdsUnityWrapper.h; sourceTree = "<group>"; };
		9994751F1A7BC3AE00178130 /* UnityAdsUnityWrapper.mm */ = {isa = PBXFileReference; fileEncoding = 4; lastKnownFileType = sourcecode.cpp.objcpp; name = UnityAdsUnityWrapper.mm; path = UnityAds/UnityAdsUnityWrapper.mm; sourceTree = "<group>"; };
		999475381A80DBC300178130 /* UnityAdsConfig.h */ = {isa = PBXFileReference; fileEncoding = 4; lastKnownFileType = sourcecode.c.h; name = UnityAdsConfig.h; path = UnityAds/UnityAdsConfig.h; sourceTree = "<group>"; };
		9EA7406A8C4BF5B7C4946792 /* ssdk_oks_classic_yixinmoments.png */ = {isa = PBXFileReference; lastKnownFileType = image.png; name = ssdk_oks_classic_yixinmoments.png; path = "Libraries/Plugins/Android/ShareSDK/res/drawable-xhdpi/ssdk_oks_classic_yixinmoments.png"; sourceTree = SOURCE_ROOT; };
		A51A4B4FAFCD4A1BF29E4B38 /* ssdk_oks_classic_linkedin.png */ = {isa = PBXFileReference; lastKnownFileType = image.png; name = ssdk_oks_classic_linkedin.png; path = "Libraries/Plugins/Android/ShareSDK/res/drawable-xhdpi/ssdk_oks_classic_linkedin.png"; sourceTree = SOURCE_ROOT; };
		A8A844438DDD7254B0738EBC /* ssdk_title_div.png */ = {isa = PBXFileReference; lastKnownFileType = image.png; name = ssdk_title_div.png; path = "Libraries/Plugins/Android/ShareSDK/res/drawable-xhdpi/ssdk_title_div.png"; sourceTree = SOURCE_ROOT; };
		A93C495B839E63000ADA71A7 /* ssdk_oks_classic_qq.png */ = {isa = PBXFileReference; lastKnownFileType = image.png; name = ssdk_oks_classic_qq.png; path = "Libraries/Plugins/Android/ShareSDK/res/drawable-xhdpi/ssdk_oks_classic_qq.png"; sourceTree = SOURCE_ROOT; };
		AA31BF961B55660D0013FB1B /* Data */ = {isa = PBXFileReference; lastKnownFileType = folder; path = Data; sourceTree = "<group>"; };
		AA5D99861AFAD3C800B27605 /* CoreText.framework */ = {isa = PBXFileReference; lastKnownFileType = wrapper.framework; name = CoreText.framework; path = System/Library/Frameworks/CoreText.framework; sourceTree = SDKROOT; };
		AA68455193C838939DC8266B /* System.dll.s */ = {isa = PBXFileReference; lastKnownFileType = sourcecode.asm; name = System.dll.s; path = Libraries/System.dll.s; sourceTree = SOURCE_ROOT; };
		AA6C5DF71A13842A0030E49A /* LaunchScreenImage-Landscape.png */ = {isa = PBXFileReference; lastKnownFileType = image.png; path = "LaunchScreenImage-Landscape.png"; sourceTree = "<group>"; };
		AA6C5DF81A13842A0030E49A /* LaunchScreenImage-Portrait.png */ = {isa = PBXFileReference; lastKnownFileType = image.png; path = "LaunchScreenImage-Portrait.png"; sourceTree = "<group>"; };
		AA8F4B651BD917A10024E7E3 /* UnityViewControllerBaseiOS.h */ = {isa = PBXFileReference; fileEncoding = 4; lastKnownFileType = sourcecode.c.h; path = UnityViewControllerBaseiOS.h; sourceTree = "<group>"; };
		AA8F4B661BD917A10024E7E3 /* UnityViewControllerBaseiOS.mm */ = {isa = PBXFileReference; fileEncoding = 4; lastKnownFileType = sourcecode.cpp.objcpp; path = UnityViewControllerBaseiOS.mm; sourceTree = "<group>"; };
		AA8F4B671BD917A10024E7E3 /* UnityViewControllerBaseTV.h */ = {isa = PBXFileReference; fileEncoding = 4; lastKnownFileType = sourcecode.c.h; path = UnityViewControllerBaseTV.h; sourceTree = "<group>"; };
		AA8F4B681BD917A10024E7E3 /* UnityViewControllerBaseTV.mm */ = {isa = PBXFileReference; fileEncoding = 4; lastKnownFileType = sourcecode.cpp.objcpp; path = UnityViewControllerBaseTV.mm; sourceTree = "<group>"; };
		AAC3E38B1A68945900F6174A /* RegisterFeatures.cpp */ = {isa = PBXFileReference; fileEncoding = 4; lastKnownFileType = sourcecode.cpp.cpp; path = RegisterFeatures.cpp; sourceTree = "<group>"; };
		AAC3E38C1A68945900F6174A /* RegisterFeatures.h */ = {isa = PBXFileReference; fileEncoding = 4; lastKnownFileType = sourcecode.c.h; path = RegisterFeatures.h; sourceTree = "<group>"; };
		AAFE69D019F187C200638316 /* UnityViewControllerListener.h */ = {isa = PBXFileReference; fileEncoding = 4; lastKnownFileType = sourcecode.c.h; path = UnityViewControllerListener.h; sourceTree = "<group>"; };
		AAFE69D119F187C200638316 /* UnityViewControllerListener.mm */ = {isa = PBXFileReference; fileEncoding = 4; lastKnownFileType = sourcecode.cpp.objcpp; path = UnityViewControllerListener.mm; sourceTree = "<group>"; };
		AB474DB0925181E491E2ECFF /* ssdk_logo.png */ = {isa = PBXFileReference; lastKnownFileType = image.png; name = ssdk_logo.png; path = "Libraries/Plugins/Android/ShareSDK/res/drawable-xhdpi/ssdk_logo.png"; sourceTree = SOURCE_ROOT; };
		B0CC4567BC4EFF4F8501F02C /* ssdk_oks_classic_foursquare.png */ = {isa = PBXFileReference; lastKnownFileType = image.png; name = ssdk_oks_classic_foursquare.png; path = "Libraries/Plugins/Android/ShareSDK/res/drawable-xhdpi/ssdk_oks_classic_foursquare.png"; sourceTree = SOURCE_ROOT; };
		B14246908C5594327A0B9607 /* Mono.Security.dll.s */ = {isa = PBXFileReference; lastKnownFileType = sourcecode.asm; name = Mono.Security.dll.s; path = Libraries/Mono.Security.dll.s; sourceTree = SOURCE_ROOT; };
		B4CF4788B6B38ABE8AF57F93 /* ssdk_oks_classic_line.png */ = {isa = PBXFileReference; lastKnownFileType = image.png; name = ssdk_oks_classic_line.png; path = "Libraries/Plugins/Android/ShareSDK/res/drawable-xhdpi/ssdk_oks_classic_line.png"; sourceTree = SOURCE_ROOT; };
		B4D545E690B13072D61D4781 /* ssdk_oks_classic_renren.png */ = {isa = PBXFileReference; lastKnownFileType = image.png; name = ssdk_oks_classic_renren.png; path = "Libraries/Plugins/Android/ShareSDK/res/drawable-xhdpi/ssdk_oks_classic_renren.png"; sourceTree = SOURCE_ROOT; };
		B6404DC19C77B716A919F82D /* UnityEngine.Networking.dll.s */ = {isa = PBXFileReference; lastKnownFileType = sourcecode.asm; name = UnityEngine.Networking.dll.s; path = Libraries/UnityEngine.Networking.dll.s; sourceTree = SOURCE_ROOT; };
		B66C4B38B3CB64B0D0E8BDC9 /* ssdk_oks_classic_facebook.png */ = {isa = PBXFileReference; lastKnownFileType = image.png; name = ssdk_oks_classic_facebook.png; path = "Libraries/Plugins/Android/ShareSDK/res/drawable-xhdpi/ssdk_oks_classic_facebook.png"; sourceTree = SOURCE_ROOT; };
		C424425E8F9E15554FD58F72 /* LaunchScreen-iPhonePortrait.png */ = {isa = PBXFileReference; lastKnownFileType = image.png; path = "LaunchScreen-iPhonePortrait.png"; sourceTree = SOURCE_ROOT; };
		C59D49D08105FEF20524EB27 /* ssdk_oks_classic_laiwangmoments.png */ = {isa = PBXFileReference; lastKnownFileType = image.png; name = ssdk_oks_classic_laiwangmoments.png; path = "Libraries/Plugins/Android/ShareSDK/res/drawable-xhdpi/ssdk_oks_classic_laiwangmoments.png"; sourceTree = SOURCE_ROOT; };
		C9B4435C89B094138CE0BA0B /* ssdk_oks_classic_googleplus.png */ = {isa = PBXFileReference; lastKnownFileType = image.png; name = ssdk_oks_classic_googleplus.png; path = "Libraries/Plugins/Android/ShareSDK/res/drawable-xhdpi/ssdk_oks_classic_googleplus.png"; sourceTree = SOURCE_ROOT; };
		CCA84405B885D04A6572D923 /* ssdk_oks_ptr_ptr.png */ = {isa = PBXFileReference; lastKnownFileType = image.png; name = ssdk_oks_ptr_ptr.png; path = "Libraries/Plugins/Android/ShareSDK/res/drawable-hdpi/ssdk_oks_ptr_ptr.png"; sourceTree = SOURCE_ROOT; };
		D26548D195E166D4C5B8179C /* ssdk_oks_classic_wechatmoments.png */ = {isa = PBXFileReference; lastKnownFileType = image.png; name = ssdk_oks_classic_wechatmoments.png; path = "Libraries/Plugins/Android/ShareSDK/res/drawable-xhdpi/ssdk_oks_classic_wechatmoments.png"; sourceTree = SOURCE_ROOT; };
		D48D4E8789BEABB9BCAF5419 /* IUnityInterface.h */ = {isa = PBXFileReference; lastKnownFileType = sourcecode.c.h; name = IUnityInterface.h; path = Classes/Unity/IUnityInterface.h; sourceTree = SOURCE_ROOT; };
		D5624DF2822D68452B192F2E /* ssdk_oks_classic_shortmessage.png */ = {isa = PBXFileReference; lastKnownFileType = image.png; name = ssdk_oks_classic_shortmessage.png; path = "Libraries/Plugins/Android/ShareSDK/res/drawable-xhdpi/ssdk_oks_classic_shortmessage.png"; sourceTree = SOURCE_ROOT; };
		D7624389A9FC6839AF8B8C19 /* ssdk_oks_classic_pocket.png */ = {isa = PBXFileReference; lastKnownFileType = image.png; name = ssdk_oks_classic_pocket.png; path = "Libraries/Plugins/Android/ShareSDK/res/drawable-xhdpi/ssdk_oks_classic_pocket.png"; sourceTree = SOURCE_ROOT; };
		D82DCFBB0E8000A5005D6AD8 /* main.mm */ = {isa = PBXFileReference; fileEncoding = 4; lastKnownFileType = sourcecode.cpp.objcpp; name = main.mm; path = Classes/main.mm; sourceTree = SOURCE_ROOT; };
		D8A1C7240E80637F000160D3 /* RegisterMonoModules.cpp */ = {isa = PBXFileReference; fileEncoding = 4; lastKnownFileType = sourcecode.cpp.cpp; name = RegisterMonoModules.cpp; path = Libraries/RegisterMonoModules.cpp; sourceTree = SOURCE_ROOT; };
		D8A1C7250E80637F000160D3 /* RegisterMonoModules.h */ = {isa = PBXFileReference; fileEncoding = 4; lastKnownFileType = sourcecode.c.h; name = RegisterMonoModules.h; path = Libraries/RegisterMonoModules.h; sourceTree = SOURCE_ROOT; };
		D8A1C72A0E8063A1000160D3 /* libiPhone-lib.a */ = {isa = PBXFileReference; lastKnownFileType = archive.ar; name = "libiPhone-lib.a"; path = "Libraries/libiPhone-lib.a"; sourceTree = SOURCE_ROOT; };
		DDD246C6B4410572E177E70D /* IUnityGraphics.h */ = {isa = PBXFileReference; lastKnownFileType = sourcecode.c.h; name = IUnityGraphics.h; path = Classes/Unity/IUnityGraphics.h; sourceTree = SOURCE_ROOT; };
		E0A843F5A3082927BB8D8353 /* ssdk_oks_classic_twitter.png */ = {isa = PBXFileReference; lastKnownFileType = image.png; name = ssdk_oks_classic_twitter.png; path = "Libraries/Plugins/Android/ShareSDK/res/drawable-xhdpi/ssdk_oks_classic_twitter.png"; sourceTree = SOURCE_ROOT; };
		F01447EF8C26F5F0D7FED865 /* ssdk_oks_classic_vkontakte.png */ = {isa = PBXFileReference; lastKnownFileType = image.png; name = ssdk_oks_classic_vkontakte.png; path = "Libraries/Plugins/Android/ShareSDK/res/drawable-xhdpi/ssdk_oks_classic_vkontakte.png"; sourceTree = SOURCE_ROOT; };
		F1454365AD971355F34F3FAD /* ssdk_oks_classic_instagram.png */ = {isa = PBXFileReference; lastKnownFileType = image.png; name = ssdk_oks_classic_instagram.png; path = "Libraries/Plugins/Android/ShareSDK/res/drawable-xhdpi/ssdk_oks_classic_instagram.png"; sourceTree = SOURCE_ROOT; };
		F20D427CAA7F4544CF8DC161 /* Assembly-CSharp-firstpass.dll.s */ = {isa = PBXFileReference; lastKnownFileType = sourcecode.asm; name = "Assembly-CSharp-firstpass.dll.s"; path = "Libraries/Assembly-CSharp-firstpass.dll.s"; sourceTree = SOURCE_ROOT; };
		F5B54AAE8F9B0AEDF3EB851D /* ssdk_oks_classic_youdao.png */ = {isa = PBXFileReference; lastKnownFileType = image.png; name = ssdk_oks_classic_youdao.png; path = "Libraries/Plugins/Android/ShareSDK/res/drawable-xhdpi/ssdk_oks_classic_youdao.png"; sourceTree = SOURCE_ROOT; };
		F73B486699766A79E7DFEF01 /* ssdk_oks_classic_pinterest.png */ = {isa = PBXFileReference; lastKnownFileType = image.png; name = ssdk_oks_classic_pinterest.png; path = "Libraries/Plugins/Android/ShareSDK/res/drawable-xhdpi/ssdk_oks_classic_pinterest.png"; sourceTree = SOURCE_ROOT; };
		FBA04DF3B66329CD450B06E3 /* ssdk_back_arr.png */ = {isa = PBXFileReference; lastKnownFileType = image.png; name = ssdk_back_arr.png; path = "Libraries/Plugins/Android/ShareSDK/res/drawable-xhdpi/ssdk_back_arr.png"; sourceTree = SOURCE_ROOT; };
		FC0B20A11B7A4F0B00FDFC55 /* OnDemandResources.mm */ = {isa = PBXFileReference; fileEncoding = 4; lastKnownFileType = sourcecode.cpp.objcpp; path = OnDemandResources.mm; sourceTree = "<group>"; };
		FC3D7EBE16D2621600D1BD0D /* CrashReporter.h */ = {isa = PBXFileReference; fileEncoding = 4; lastKnownFileType = sourcecode.c.h; path = CrashReporter.h; sourceTree = "<group>"; };
		FC85CCB916C3ED8000BAF7C7 /* CrashReporter.mm */ = {isa = PBXFileReference; fileEncoding = 4; lastKnownFileType = sourcecode.cpp.objcpp; path = CrashReporter.mm; sourceTree = "<group>"; };
		FC85CCBA16C3ED8000BAF7C7 /* PLCrashReporter.h */ = {isa = PBXFileReference; fileEncoding = 4; lastKnownFileType = sourcecode.c.h; path = PLCrashReporter.h; sourceTree = "<group>"; };
/* End PBXFileReference section */

/* Begin PBXFrameworksBuildPhase section */
		1D60588F0D05DD3D006BFB54 /* Frameworks */ = {
			isa = PBXFrameworksBuildPhase;
			buildActionMask = 2147483647;
			files = (
				00000000008063A1000160D3 /* libiPhone-lib.a in Frameworks */,
				AA5D99871AFAD3C800B27605 /* CoreText.framework in Frameworks */,
				8358D1B80ED1CC3700E3A684 /* AudioToolbox.framework in Frameworks */,
				7F36C11313C5C673007FBDD9 /* AVFoundation.framework in Frameworks */,
				56FD43960ED4745200FE3770 /* CFNetwork.framework in Frameworks */,
				56B7959B1442E0F20026B3DD /* CoreGraphics.framework in Frameworks */,
				5692F3DD0FA9D8E500EBA2F1 /* CoreLocation.framework in Frameworks */,
				7F36C11113C5C673007FBDD9 /* CoreMedia.framework in Frameworks */,
				56B7960F1442E1770026B3DD /* CoreMotion.framework in Frameworks */,
				7F36C11213C5C673007FBDD9 /* CoreVideo.framework in Frameworks */,
				1D60589F0D05DD5A006BFB54 /* Foundation.framework in Frameworks */,
				08B24F76137BFDFA00FBA309 /* iAd.framework in Frameworks */,
				5682F4B20F3B34FF007A219C /* MediaPlayer.framework in Frameworks */,
				83B2574C0E63022200468741 /* OpenAL.framework in Frameworks */,
				83B256E20E62FEA000468741 /* OpenGLES.framework in Frameworks */,
				83B2570B0E62FF8A00468741 /* QuartzCore.framework in Frameworks */,
				56BCBA390FCF049A0030C3B2 /* SystemConfiguration.framework in Frameworks */,
				830B5C110E5ED4C100C7819F /* UIKit.framework in Frameworks */,
				83B2574F0E63025400468741 /* libiconv.2.dylib in Frameworks */,
			);
			runOnlyForDeploymentPostprocessing = 0;
		};
		5623C57017FDCB0800090B9E /* Frameworks */ = {
			isa = PBXFrameworksBuildPhase;
			buildActionMask = 2147483647;
			files = (
				5623C57717FDCB0800090B9E /* UIKit.framework in Frameworks */,
				5623C57617FDCB0800090B9E /* Foundation.framework in Frameworks */,
			);
			runOnlyForDeploymentPostprocessing = 0;
		};
/* End PBXFrameworksBuildPhase section */

/* Begin PBXGroup section */
		19C28FACFE9D520D11CA2CBB /* Products */ = {
			isa = PBXGroup;
			children = (
				1D6058910D05DD3D006BFB54 /* Unity-Target-New.app */,
				5623C57317FDCB0800090B9E /* Unity-iPhone Tests.xctest */,
			);
			name = Products;
			sourceTree = "<group>";
		};
		1C72496EB30161C2537DE151 /* res */ = {
			isa = PBXGroup;
			children = (
				8F37484FA960D983475FFCC6 /* drawable-hdpi */,
				77E44D649E0D8B9FF029D1E1 /* drawable-xhdpi */,
			);
			path = res;
			sourceTree = "<group>";
		};
		29B97314FDCFA39411CA2CEA /* CustomTemplate */ = {
			isa = PBXGroup;
			children = (
				AA31BF961B55660D0013FB1B /* Data */,
				56C56C9717D6015100616839 /* Images.xcassets */,
				D82DCFB50E8000A5005D6AD8 /* Classes */,
				5623C57817FDCB0800090B9E /* Unity-iPhone Tests */,
				29B97323FDCFA39411CA2CEA /* Frameworks */,
				D8A1C7220E80637F000160D3 /* Libraries */,
				19C28FACFE9D520D11CA2CBB /* Products */,
				8D1107310486CEB800E47090 /* Info.plist */,
				83B2574E0E63025400468741 /* libiconv.2.dylib */,
				8BCB4C6F911037B4CBE1B3CC /* LaunchScreen-iPhone.xib */,
				C424425E8F9E15554FD58F72 /* LaunchScreen-iPhonePortrait.png */,
				820B4E0881CF0F8203ADF6B6 /* LaunchScreen-iPhoneLandscape.png */,
				2CD7455EA59EAA9A13363E5B /* LaunchScreen-iPad.xib */,
				2F2547DA8CB83C90375DE43B /* LaunchScreen-iPad.png */,
			);
			name = CustomTemplate;
			sourceTree = "<group>";
		};
		29B97323FDCFA39411CA2CEA /* Frameworks */ = {
			isa = PBXGroup;
			children = (
				AA5D99861AFAD3C800B27605 /* CoreText.framework */,
				8358D1B70ED1CC3700E3A684 /* AudioToolbox.framework */,
				7F36C11013C5C673007FBDD9 /* AVFoundation.framework */,
				56FD43950ED4745200FE3770 /* CFNetwork.framework */,
				56B7959A1442E0F20026B3DD /* CoreGraphics.framework */,
				5692F3DC0FA9D8E500EBA2F1 /* CoreLocation.framework */,
				7F36C10E13C5C673007FBDD9 /* CoreMedia.framework */,
				56B795C11442E1100026B3DD /* CoreMotion.framework */,
				7F36C10F13C5C673007FBDD9 /* CoreVideo.framework */,
				1D30AB110D05D00D00671497 /* Foundation.framework */,
				08B24F75137BFDFA00FBA309 /* iAd.framework */,
				5682F4B10F3B34FF007A219C /* MediaPlayer.framework */,
				83B2574B0E63022200468741 /* OpenAL.framework */,
				83B256E10E62FEA000468741 /* OpenGLES.framework */,
				83B2570A0E62FF8A00468741 /* QuartzCore.framework */,
				56BCBA380FCF049A0030C3B2 /* SystemConfiguration.framework */,
				830B5C100E5ED4C100C7819F /* UIKit.framework */,
			);
			name = Frameworks;
			sourceTree = "<group>";
		};
		2E0B48FFA84CAA98FC0F4D4F /* Android */ = {
			isa = PBXGroup;
			children = (
				A81B45918838385D4E3396BD /* ShareSDK */,
			);
			path = Android;
			sourceTree = "<group>";
		};
		3CED4305B67D2B98EBC77ECE /* Plugins */ = {
			isa = PBXGroup;
			children = (
				62A44AC181A37B2800CFFCD7 /* iOS */,
				2E0B48FFA84CAA98FC0F4D4F /* Android */,
			);
			path = Plugins;
			sourceTree = "<group>";
		};
		5623C57817FDCB0800090B9E /* Unity-iPhone Tests */ = {
			isa = PBXGroup;
			children = (
				5623C57E17FDCB0900090B9E /* Unity_iPhone_Tests.m */,
				5623C57917FDCB0800090B9E /* Supporting Files */,
			);
			path = "Unity-iPhone Tests";
			sourceTree = "<group>";
		};
		5623C57917FDCB0800090B9E /* Supporting Files */ = {
			isa = PBXGroup;
			children = (
				5623C57A17FDCB0900090B9E /* Unity-iPhone Tests-Info.plist */,
				5623C57B17FDCB0900090B9E /* InfoPlist.strings */,
				5623C58017FDCB0900090B9E /* Unity-iPhone Tests-Prefix.pch */,
			);
			name = "Supporting Files";
			sourceTree = "<group>";
		};
		62A44AC181A37B2800CFFCD7 /* iOS */ = {
			isa = PBXGroup;
			children = (
				37914BC7BC7F5D3748DCF0A5 /* ShareSDKUnity3DBridge.h */,
				7A6B4AB4809DBB5767721CA3 /* ShareSDKUnity3DBridge.m */,
			);
			path = iOS;
			sourceTree = "<group>";
		};
		77E44D649E0D8B9FF029D1E1 /* drawable-xhdpi */ = {
			isa = PBXGroup;
			children = (
				5DFE4548AAAAA46D1D054D0D /* ssdk_auth_title_back.png */,
				FBA04DF3B66329CD450B06E3 /* ssdk_back_arr.png */,
				AB474DB0925181E491E2ECFF /* ssdk_logo.png */,
				7DDC444C9D145D714AC7CD09 /* ssdk_oks_classic_alipay.png */,
				0EBE41C898755E7408ED6D37 /* ssdk_oks_classic_alipaymoments.png */,
				67F244E6913755C07316C585 /* ssdk_oks_classic_bluetooth.png */,
				800E4686BAFF696ECD346717 /* ssdk_oks_classic_check_checked.png */,
				335F447DA985145D9B0445E2 /* ssdk_oks_classic_check_default.png */,
				475B4FED874BE397EC265069 /* ssdk_oks_classic_douban.png */,
				43CA40DEB4495F45DF0D7FC2 /* ssdk_oks_classic_dropbox.png */,
				365840349D8D7324793C93E3 /* ssdk_oks_classic_email.png */,
				4AB846EEB3875FB33D959FD6 /* ssdk_oks_classic_evernote.png */,
				B66C4B38B3CB64B0D0E8BDC9 /* ssdk_oks_classic_facebook.png */,
				1E6F437B8026D32A17143E6D /* ssdk_oks_classic_facebookmessenger.png */,
				3E8846D388F4FE0C9CB34151 /* ssdk_oks_classic_flickr.png */,
				B0CC4567BC4EFF4F8501F02C /* ssdk_oks_classic_foursquare.png */,
				C9B4435C89B094138CE0BA0B /* ssdk_oks_classic_googleplus.png */,
				F1454365AD971355F34F3FAD /* ssdk_oks_classic_instagram.png */,
				07AC4639A5E884126A494BEE /* ssdk_oks_classic_instapaper.png */,
				38034B9BBC946F1C343DB676 /* ssdk_oks_classic_kaixin.png */,
				0F4045DC84AFD0AB24D72C3A /* ssdk_oks_classic_kakaostory.png */,
				2744448A858EA20A3A9224AB /* ssdk_oks_classic_kakaotalk.png */,
				85794DB8AE56770C973CB35F /* ssdk_oks_classic_laiwang.png */,
				C59D49D08105FEF20524EB27 /* ssdk_oks_classic_laiwangmoments.png */,
				B4CF4788B6B38ABE8AF57F93 /* ssdk_oks_classic_line.png */,
				A51A4B4FAFCD4A1BF29E4B38 /* ssdk_oks_classic_linkedin.png */,
				131C48179830DBF9CACB446C /* ssdk_oks_classic_mingdao.png */,
				F73B486699766A79E7DFEF01 /* ssdk_oks_classic_pinterest.png */,
				D7624389A9FC6839AF8B8C19 /* ssdk_oks_classic_pocket.png */,
				A93C495B839E63000ADA71A7 /* ssdk_oks_classic_qq.png */,
				4AE14CCDB2647884FB9CD355 /* ssdk_oks_classic_qzone.png */,
				B4D545E690B13072D61D4781 /* ssdk_oks_classic_renren.png */,
				D5624DF2822D68452B192F2E /* ssdk_oks_classic_shortmessage.png */,
				36004535BC81DA6C97759B99 /* ssdk_oks_classic_sinaweibo.png */,
				952940E28CE28720873F3F8E /* ssdk_oks_classic_tencentweibo.png */,
				803D44BFB37BF9CDE2C38CBB /* ssdk_oks_classic_tumblr.png */,
				E0A843F5A3082927BB8D8353 /* ssdk_oks_classic_twitter.png */,
				F01447EF8C26F5F0D7FED865 /* ssdk_oks_classic_vkontakte.png */,
				20684B3EB5D0BAC41DC291D4 /* ssdk_oks_classic_wechat.png */,
				580342D9B00D4741BB5FC14A /* ssdk_oks_classic_wechatfavorite.png */,
				D26548D195E166D4C5B8179C /* ssdk_oks_classic_wechatmoments.png */,
				469848AC9A689639F9C363B1 /* ssdk_oks_classic_whatsapp.png */,
				394F46DA854D3B94A09EED1E /* ssdk_oks_classic_yixin.png */,
				9EA7406A8C4BF5B7C4946792 /* ssdk_oks_classic_yixinmoments.png */,
				F5B54AAE8F9B0AEDF3EB851D /* ssdk_oks_classic_youdao.png */,
				A8A844438DDD7254B0738EBC /* ssdk_title_div.png */,
			);
			path = "drawable-xhdpi";
			sourceTree = "<group>";
		};
		8A3EDDC51615B7C1001839E9 /* UI */ = {
			isa = PBXGroup;
			children = (
				8A9FCB111617295F00C05364 /* ActivityIndicator.h */,
				8A9FCB121617295F00C05364 /* ActivityIndicator.mm */,
				8A7057D0171EA29600A1332D /* iAD_Scripting.mm */,
				8A07E1041715A5AB000EDC6F /* iAD.h */,
				8A07E1051715A5AB000EDC6F /* iAD.mm */,
				8A142DC41636943E00DD87CA /* Keyboard.h */,
				8A142DC51636943E00DD87CA /* Keyboard.mm */,
				8AC71EC219E7FBA90027502F /* OrientationSupport.h */,
				8AC71EC319E7FBA90027502F /* OrientationSupport.mm */,
				8A3EDDC61615B7C1001839E9 /* SplashScreen.h */,
				8A3EDDC71615B7C1001839E9 /* SplashScreen.mm */,
				8A4815BF17A287D2003FBFD5 /* UnityAppController+ViewHandling.h */,
				8A4815C017A287D2003FBFD5 /* UnityAppController+ViewHandling.mm */,
				8A851BA516FB2F6D00E911DB /* UnityView.h */,
				8A851BA616FB2F6D00E911DB /* UnityView.mm */,
				8A21AED21622F59300AF8007 /* UnityViewControllerBase.h */,
				AA8F4B651BD917A10024E7E3 /* UnityViewControllerBaseiOS.h */,
				AA8F4B661BD917A10024E7E3 /* UnityViewControllerBaseiOS.mm */,
				AA8F4B671BD917A10024E7E3 /* UnityViewControllerBaseTV.h */,
				AA8F4B681BD917A10024E7E3 /* UnityViewControllerBaseTV.mm */,
			);
			path = UI;
			sourceTree = "<group>";
		};
		8A5C148F174E662D0006EB36 /* PluginBase */ = {
			isa = PBXGroup;
			children = (
				8AF7755E17997D1300341121 /* AppDelegateListener.h */,
				8AF7755F17997D1300341121 /* AppDelegateListener.mm */,
				8A292A9717992CE100409BA4 /* LifeCycleListener.h */,
				8A292A9817992CE100409BA4 /* LifeCycleListener.mm */,
				8A5C1490174E662D0006EB36 /* RenderPluginDelegate.h */,
				8A5C1491174E662D0006EB36 /* RenderPluginDelegate.mm */,
				AAFE69D019F187C200638316 /* UnityViewControllerListener.h */,
				AAFE69D119F187C200638316 /* UnityViewControllerListener.mm */,
			);
			path = PluginBase;
			sourceTree = "<group>";
		};
		8AF18FE316490981007B4420 /* Unity */ = {
			isa = PBXGroup;
			children = (
				FC0B20A11B7A4F0B00FDFC55 /* OnDemandResources.mm */,
				8ABDBCE019CAFCF700A842FF /* AVCapture.h */,
				8AC74A9419B47FEF00019D38 /* AVCapture.mm */,
				8ADCE38919C87177006F04F6 /* CameraCapture.h */,
				8ADCE38A19C87177006F04F6 /* CameraCapture.mm */,
				8A2AA93316E0978D001FB470 /* CMVideoSampling.h */,
				8A2AA93416E0978D001FB470 /* CMVideoSampling.mm */,
				8A367F5916A6D36F0012ED11 /* CVTextureCache.h */,
				8A367F5A16A6D36F0012ED11 /* CVTextureCache.mm */,
				8ACB801B177081D4005D0019 /* DeviceSettings.mm */,
				8A5E0B8F16849D1800CBB6FE /* DisplayManager.h */,
				8A5E0B9016849D1800CBB6FE /* DisplayManager.mm */,
				8A0FED471649699200E9727D /* EAGLContextHelper.h */,
				8A0FED481649699200E9727D /* EAGLContextHelper.mm */,
				8A25E6D118D767E20006A227 /* Filesystem.mm */,
				8A1FFFAB16512A9000DD0934 /* GlesHelper.h */,
				8A1FFFAC16512A9000DD0934 /* GlesHelper.mm */,
				8A6720A319EEB905006C92E0 /* InternalProfiler.cpp */,
				8A6720A419EEB905006C92E0 /* InternalProfiler.h */,
				1859EA9A19214E7B0022C3D3 /* MetalHelper.mm */,
				8A16150B1A8E4362006FA788 /* FullScreenVideoPlayer.mm */,
				8A6137121A10B57700059EDF /* ObjCRuntime.h */,
				8A6137131A10BCA200059EDF /* ObjCRuntime.mm */,
				8A90541019EE8843003D1039 /* UnityForwardDecls.h */,
				8A851BAB16FC875E00E911DB /* UnityInterface.h */,
				8AECDC781950835600CB29E8 /* UnityMetalSupport.h */,
				8AA108C01948732900D0538B /* UnityRendering.h */,
				84DC28F71C51383500BC67D7 /* UnityReplayKit.h */,
				84DC28F51C5137FE00BC67D7 /* UnityReplayKit.mm */,
				848031E01C5160D700FCEAB7 /* UnityReplayKit_Scripting.mm */,
				8AB3CB3C16D390BA00697AD5 /* VideoPlayer.h */,
				8AB3CB3D16D390BB00697AD5 /* VideoPlayer.mm */,
				8AA568AC1827DD79004969C7 /* WWWConnection.h */,
				8AA568AD1827DD79004969C7 /* WWWConnection.mm */,
				D48D4E8789BEABB9BCAF5419 /* IUnityInterface.h */,
				DDD246C6B4410572E177E70D /* IUnityGraphics.h */,
				7D354131B430024924E453AE /* IUnityGraphicsMetal.h */,
			);
			path = Unity;
			sourceTree = "<group>";
		};
		8F37484FA960D983475FFCC6 /* drawable-hdpi */ = {
			isa = PBXGroup;
			children = (
				CCA84405B885D04A6572D923 /* ssdk_oks_ptr_ptr.png */,
			);
			path = "drawable-hdpi";
			sourceTree = "<group>";
		};
		999475211A7BC3B100178130 /* UnityAds */ = {
			isa = PBXGroup;
			children = (
				999475381A80DBC300178130 /* UnityAdsConfig.h */,
				9994751E1A7BC3AE00178130 /* UnityAdsUnityWrapper.h */,
				9994751F1A7BC3AE00178130 /* UnityAdsUnityWrapper.mm */,
			);
			name = UnityAds;
			sourceTree = "<group>";
		};
		A81B45918838385D4E3396BD /* ShareSDK */ = {
			isa = PBXGroup;
			children = (
				1C72496EB30161C2537DE151 /* res */,
			);
			path = ShareSDK;
			sourceTree = "<group>";
		};
		D82DCFB50E8000A5005D6AD8 /* Classes */ = {
			isa = PBXGroup;
			children = (
				999475211A7BC3B100178130 /* UnityAds */,
				8A5C148F174E662D0006EB36 /* PluginBase */,
				8A3EDDC51615B7C1001839E9 /* UI */,
				8AF18FE316490981007B4420 /* Unity */,
				FC3D7EBE16D2621600D1BD0D /* CrashReporter.h */,
				FC85CCB916C3ED8000BAF7C7 /* CrashReporter.mm */,
				56DBF99E15E3CE85007A4A8D /* iPhone_Sensors.h */,
				56DBF99C15E3CDC9007A4A8D /* iPhone_Sensors.mm */,
				D82DCFBB0E8000A5005D6AD8 /* main.mm */,
				FC85CCBA16C3ED8000BAF7C7 /* PLCrashReporter.h */,
				8A6720A619EFAF25006C92E0 /* Prefix.pch */,
				8ACB801D177081F7005D0019 /* Preprocessor.h */,
				8A851BA816FB3AD000E911DB /* UnityAppController.h */,
				8A851BA916FB3AD000E911DB /* UnityAppController.mm */,
				8AA5D80017ABE9AF007B9910 /* UnityAppController+Rendering.h */,
				8AA5D80117ABE9AF007B9910 /* UnityAppController+Rendering.mm */,
				8A8D90D81A274A7800456C4E /* UnityAppController+UnityInterface.h */,
				8A8D90D91A274A7800456C4E /* UnityAppController+UnityInterface.mm */,
				8AA6ADDB17818CFD00A1C5F1 /* UnityTrampolineConfigure.h */,
			);
			path = Classes;
			sourceTree = SOURCE_ROOT;
		};
		D8A1C7220E80637F000160D3 /* Libraries */ = {
			isa = PBXGroup;
			children = (
				AAC3E38B1A68945900F6174A /* RegisterFeatures.cpp */,
				AAC3E38C1A68945900F6174A /* RegisterFeatures.h */,
				D8A1C72A0E8063A1000160D3 /* libiPhone-lib.a */,
				D8A1C7240E80637F000160D3 /* RegisterMonoModules.cpp */,
				D8A1C7250E80637F000160D3 /* RegisterMonoModules.h */,
				03F528621B447098000F4FB8 /* Il2CppOptions.cpp */,
				F20D427CAA7F4544CF8DC161 /* Assembly-CSharp-firstpass.dll.s */,
				166E4776B2FB7FED2C4F3367 /* Assembly-CSharp.dll.s */,
				B14246908C5594327A0B9607 /* Mono.Security.dll.s */,
				5CE34679BDE145FC9A857A94 /* System.Core.dll.s */,
				AA68455193C838939DC8266B /* System.dll.s */,
				B6404DC19C77B716A919F82D /* UnityEngine.Networking.dll.s */,
				488748088F912CF684F1D0AD /* UnityEngine.UI.dll.s */,
				5E8F43F5BE25999383C785D5 /* UnityEngine.dll.s */,
				32D94F4FB303C800E3BC4815 /* mscorlib.dll.s */,
				3CED4305B67D2B98EBC77ECE /* Plugins */,
			);
			path = Libraries;
			sourceTree = SOURCE_ROOT;
		};
/* End PBXGroup section */

/* Begin PBXNativeTarget section */
		1D6058900D05DD3D006BFB54 /* Unity-iPhone */ = {
			isa = PBXNativeTarget;
			buildConfigurationList = 1D6058960D05DD3E006BFB54 /* Build configuration list for PBXNativeTarget "Unity-iPhone" */;
			buildPhases = (
				1D60588D0D05DD3D006BFB54 /* Resources */,
				83D0C1FD0E6C8D7700EBCE5D /* CopyFiles */,
				1D60588E0D05DD3D006BFB54 /* Sources */,
				1D60588F0D05DD3D006BFB54 /* Frameworks */,
				033966F41B18B03000ECD701 /* ShellScript */,
			);
			buildRules = (
			);
			dependencies = (
			);
			name = "Unity-iPhone";
			productName = "iPhone-target";
			productReference = 1D6058910D05DD3D006BFB54 /* Unity-Target-New.app */;
			productType = "com.apple.product-type.application";
		};
		5623C57217FDCB0800090B9E /* Unity-iPhone Tests */ = {
			isa = PBXNativeTarget;
			buildConfigurationList = 5623C58517FDCB0900090B9E /* Build configuration list for PBXNativeTarget "Unity-iPhone Tests" */;
			buildPhases = (
				5623C56F17FDCB0800090B9E /* Sources */,
				5623C57017FDCB0800090B9E /* Frameworks */,
				5623C57117FDCB0800090B9E /* Resources */,
			);
			buildRules = (
			);
			dependencies = (
				5623C58217FDCB0900090B9E /* PBXTargetDependency */,
			);
			name = "Unity-iPhone Tests";
			productName = "Unity-iPhone Tests";
			productReference = 5623C57317FDCB0800090B9E /* Unity-iPhone Tests.xctest */;
			productType = "com.apple.product-type.bundle.unit-test";
		};
/* End PBXNativeTarget section */

/* Begin PBXProject section */
		29B97313FDCFA39411CA2CEA /* Project object */ = {
			isa = PBXProject;
			attributes = {
				TargetAttributes = {
					5623C57217FDCB0800090B9E = {
						TestTargetID = 1D6058900D05DD3D006BFB54;
					};
				};
			};
			buildConfigurationList = C01FCF4E08A954540054247B /* Build configuration list for PBXProject "Unity-iPhone" */;
			compatibilityVersion = "Xcode 3.2";
			developmentRegion = English;
			hasScannedForEncodings = 1;
			knownRegions = (
				English,
				Japanese,
				French,
				German,
				en,
			);
			mainGroup = 29B97314FDCFA39411CA2CEA /* CustomTemplate */;
			projectDirPath = "";
			projectRoot = "";
			targets = (
				1D6058900D05DD3D006BFB54 /* Unity-iPhone */,
				5623C57217FDCB0800090B9E /* Unity-iPhone Tests */,
			);
		};
/* End PBXProject section */

/* Begin PBXResourcesBuildPhase section */
		1D60588D0D05DD3D006BFB54 /* Resources */ = {
			isa = PBXResourcesBuildPhase;
			buildActionMask = 2147483647;
			files = (
				AA31BF971B55660D0013FB1B /* Data in Resources */,
				56C56C9817D6015200616839 /* Images.xcassets in Resources */,
				BB644220B926FD94278B3156 /* ssdk_oks_ptr_ptr.png in Resources */,
				7DF14745AB3EEEFA720290B3 /* ssdk_auth_title_back.png in Resources */,
				631541D7A320483C38F6859C /* ssdk_back_arr.png in Resources */,
				0AB4451C96C8A3591C137E02 /* ssdk_logo.png in Resources */,
				0933443BABBA91FCF6B08A5D /* ssdk_oks_classic_alipay.png in Resources */,
				3C184CDB8AE16C59877B69D5 /* ssdk_oks_classic_alipaymoments.png in Resources */,
				C8DD4B01AB8738F62AB5F67C /* ssdk_oks_classic_bluetooth.png in Resources */,
				B13F405CA7F11B60E2F17D94 /* ssdk_oks_classic_check_checked.png in Resources */,
				AE0A489E89EEBA1136A61ADC /* ssdk_oks_classic_check_default.png in Resources */,
				1A8E48418942721E9B3852E6 /* ssdk_oks_classic_douban.png in Resources */,
				71F74FB29C45851FA9C39BB0 /* ssdk_oks_classic_dropbox.png in Resources */,
				36614CAEAA880C2A3707AF6A /* ssdk_oks_classic_email.png in Resources */,
				B12F443EA3DC445844D99F0A /* ssdk_oks_classic_evernote.png in Resources */,
				849342919B3564B108062737 /* ssdk_oks_classic_facebook.png in Resources */,
				19EB4B43BB721BEECFA9E29B /* ssdk_oks_classic_facebookmessenger.png in Resources */,
				CE754141ABD6AF8F050E537D /* ssdk_oks_classic_flickr.png in Resources */,
				960047D1874714DE9CA33E31 /* ssdk_oks_classic_foursquare.png in Resources */,
				F3B24399905CE6B187E1ED44 /* ssdk_oks_classic_googleplus.png in Resources */,
				2DF649CF8CF64493E27B63F3 /* ssdk_oks_classic_instagram.png in Resources */,
				938D48A3A32E12D51BC22110 /* ssdk_oks_classic_instapaper.png in Resources */,
				451F47BDB8C1AAB41CF7C6CA /* ssdk_oks_classic_kaixin.png in Resources */,
				44044AE18E48FFF26CE36168 /* ssdk_oks_classic_kakaostory.png in Resources */,
				B1BD452C869B1260F589E197 /* ssdk_oks_classic_kakaotalk.png in Resources */,
				A9364093BD88C236F0D8045D /* ssdk_oks_classic_laiwang.png in Resources */,
				88704FC9A6281BE9FC8B07A9 /* ssdk_oks_classic_laiwangmoments.png in Resources */,
				7866400CA209EAEA96CC22EF /* ssdk_oks_classic_line.png in Resources */,
				B14F4FDC9C3653A3FEF4DDA4 /* ssdk_oks_classic_linkedin.png in Resources */,
				2CB04AA6BEEE4E72F295941E /* ssdk_oks_classic_mingdao.png in Resources */,
				099D49EC93E07103ED4235FC /* ssdk_oks_classic_pinterest.png in Resources */,
				7F1B4E36AC667947A67B5531 /* ssdk_oks_classic_pocket.png in Resources */,
				88B04832944D7682971DD0FE /* ssdk_oks_classic_qq.png in Resources */,
				ECA54B0DA7FECF03352B7CDE /* ssdk_oks_classic_qzone.png in Resources */,
				4248457B8DEC010F62ACE208 /* ssdk_oks_classic_renren.png in Resources */,
				EE1144E49604971DE9C0C493 /* ssdk_oks_classic_shortmessage.png in Resources */,
				D3D446D19C653988BC089E8B /* ssdk_oks_classic_sinaweibo.png in Resources */,
				BD7D480E99FBB0FD894FC8FD /* ssdk_oks_classic_tencentweibo.png in Resources */,
				A295426B99A65B249BD93460 /* ssdk_oks_classic_tumblr.png in Resources */,
				04DA4848B2519F36F1BD6B65 /* ssdk_oks_classic_twitter.png in Resources */,
				26974A3AA991D35C95FB4DBF /* ssdk_oks_classic_vkontakte.png in Resources */,
				8D0D43AC94C0C2FC64F29E93 /* ssdk_oks_classic_wechat.png in Resources */,
				A3D74EDEA67D16D976E0E67F /* ssdk_oks_classic_wechatfavorite.png in Resources */,
				49AA43ECA7B10DF18882F45A /* ssdk_oks_classic_wechatmoments.png in Resources */,
				E5BC4D62813C30614DEF9C7D /* ssdk_oks_classic_whatsapp.png in Resources */,
				8E9445FC9E1DC30B18A49704 /* ssdk_oks_classic_yixin.png in Resources */,
				07D44228B1DBCBB8E234299C /* ssdk_oks_classic_yixinmoments.png in Resources */,
				53104170A757C0FA83D40552 /* ssdk_oks_classic_youdao.png in Resources */,
				3753414AB6B9660CD068BA29 /* ssdk_title_div.png in Resources */,
				79914AF09BE38AA120819DC0 /* LaunchScreen-iPhone.xib in Resources */,
				A72243CE8A2763B81B8A9098 /* LaunchScreen-iPhonePortrait.png in Resources */,
				D6E4495F8BA57B83E2BADA3D /* LaunchScreen-iPhoneLandscape.png in Resources */,
				D36941CD8A6A95F8B8CAF6AE /* LaunchScreen-iPad.xib in Resources */,
				29BF4EC5B3FADD888429CDA3 /* LaunchScreen-iPad.png in Resources */,
			);
			runOnlyForDeploymentPostprocessing = 0;
		};
		5623C57117FDCB0800090B9E /* Resources */ = {
			isa = PBXResourcesBuildPhase;
			buildActionMask = 2147483647;
			files = (
				5623C57D17FDCB0900090B9E,
			);
			runOnlyForDeploymentPostprocessing = 0;
		};
/* End PBXResourcesBuildPhase section */

/* Begin PBXShellScriptBuildPhase section */
		033966F41B18B03000ECD701 /* ShellScript */ = {
			isa = PBXShellScriptBuildPhase;
			buildActionMask = 2147483647;
			files = (
			);
			inputPaths = (
			);
			outputPaths = (
			);
			runOnlyForDeploymentPostprocessing = 0;
			shellPath = /bin/sh;
			shellScript = "\"$PROJECT_DIR/MapFileParser.sh\"";
		};
/* End PBXShellScriptBuildPhase section */

/* Begin PBXSourcesBuildPhase section */
		1D60588E0D05DD3D006BFB54 /* Sources */ = {
			isa = PBXSourcesBuildPhase;
			buildActionMask = 2147483647;
			files = (
				D82DCFC30E8000A5005D6AD8 /* main.mm in Sources */,
				D8A1C7280E80637F000160D3 /* RegisterMonoModules.cpp in Sources */,
				8AA568AE1827DD79004969C7 /* WWWConnection.mm in Sources */,
				56DBF99D15E3CDC9007A4A8D /* iPhone_Sensors.mm in Sources */,
				8A3EDDC81615B7C1001839E9 /* SplashScreen.mm in Sources */,
				8AC71EC419E7FBA90027502F /* OrientationSupport.mm in Sources */,
				8A9FCB131617295F00C05364 /* ActivityIndicator.mm in Sources */,
				8A8D90DA1A274A7800456C4E /* UnityAppController+UnityInterface.mm in Sources */,
				8AA5D80217ABE9AF007B9910 /* UnityAppController+Rendering.mm in Sources */,
				8A142DC61636943E00DD87CA /* Keyboard.mm in Sources */,
				8A0FED491649699200E9727D /* EAGLContextHelper.mm in Sources */,
				AAFE69D219F187C200638316 /* UnityViewControllerListener.mm in Sources */,
				8A1FFFAD16512A9000DD0934 /* GlesHelper.mm in Sources */,
				848031E11C5160D700FCEAB7 /* UnityReplayKit_Scripting.mm in Sources */,
				8A5E0B9116849D1800CBB6FE /* DisplayManager.mm in Sources */,
				8A367F5B16A6D36F0012ED11 /* CVTextureCache.mm in Sources */,
				1859EA9B19214E7B0022C3D3 /* MetalHelper.mm in Sources */,
				8A16150C1A8E4362006FA788 /* FullScreenVideoPlayer.mm in Sources */,
				FC85CCBB16C3ED8000BAF7C7 /* CrashReporter.mm in Sources */,
				8AB3CB3E16D390BB00697AD5 /* VideoPlayer.mm in Sources */,
				8A2AA93516E0978D001FB470 /* CMVideoSampling.mm in Sources */,
				8A851BA716FB2F6D00E911DB /* UnityView.mm in Sources */,
				8A851BAA16FB3AD000E911DB /* UnityAppController.mm in Sources */,
				8AC74A9519B47FEF00019D38 /* AVCapture.mm in Sources */,
				8A6720A519EEB905006C92E0 /* InternalProfiler.cpp in Sources */,
				8A6137141A10BCA200059EDF /* ObjCRuntime.mm in Sources */,
				AA8F4B6A1BD917A10024E7E3 /* UnityViewControllerBaseTV.mm in Sources */,
				8ADCE38B19C87177006F04F6 /* CameraCapture.mm in Sources */,
				8A4815C117A28E7F003FBFD5 /* UnityAppController+ViewHandling.mm in Sources */,
				8A07E1061715A5AB000EDC6F /* iAD.mm in Sources */,
				8A7057D1171EA29600A1332D /* iAD_Scripting.mm in Sources */,
				8A25E6D218D767E20006A227 /* Filesystem.mm in Sources */,
				999475201A7BC3AE00178130 /* UnityAdsUnityWrapper.mm in Sources */,
				AA8F4B691BD917A10024E7E3 /* UnityViewControllerBaseiOS.mm in Sources */,
				8AF7755D1799329100341121 /* LifeCycleListener.mm in Sources */,
				8A5C1492174E662D0006EB36 /* RenderPluginDelegate.mm in Sources */,
				8AF7756017997D2700341121 /* AppDelegateListener.mm in Sources */,
				FC0B20A21B7A4F0B00FDFC55 /* OnDemandResources.mm in Sources */,
				AAC3E38D1A68945900F6174A /* RegisterFeatures.cpp in Sources */,
				84DC28F61C5137FE00BC67D7 /* UnityReplayKit.mm in Sources */,
				8ACB801C177081D4005D0019 /* DeviceSettings.mm in Sources */,
				03F528631B447098000F4FB8 /* Il2CppOptions.cpp in Sources */,
				602846F7AFA5AA656F7E7964 /* Assembly-CSharp-firstpass.dll.s in Sources */,
				94DE42DFBB95AD040CDB5F81 /* Assembly-CSharp.dll.s in Sources */,
				DCE14BBBA9DE598DEF826B62 /* Mono.Security.dll.s in Sources */,
				05AD4A5298775F87BCF8961C /* System.Core.dll.s in Sources */,
				8ED542ABB60C9CA0137B77FD /* System.dll.s in Sources */,
				D4864E23A39E55F07C88B2BB /* UnityEngine.Networking.dll.s in Sources */,
				7AE24A789E7E32398AF49B1C /* UnityEngine.UI.dll.s in Sources */,
				7D4C422A93E9CCB2649ACE4F /* UnityEngine.dll.s in Sources */,
				71664286AF2EFE873C31379D /* mscorlib.dll.s in Sources */,
				E0AD41EF964CBFDE5D9388CA /* ShareSDKUnity3DBridge.m in Sources */,
			);
			runOnlyForDeploymentPostprocessing = 0;
		};
		5623C56F17FDCB0800090B9E /* Sources */ = {
			isa = PBXSourcesBuildPhase;
			buildActionMask = 2147483647;
			files = (
				5623C57F17FDCB0900090B9E /* Unity_iPhone_Tests.m in Sources */,
			);
			runOnlyForDeploymentPostprocessing = 0;
		};
/* End PBXSourcesBuildPhase section */

/* Begin PBXTargetDependency section */
		5623C58217FDCB0900090B9E /* PBXTargetDependency */ = {
			isa = PBXTargetDependency;
			target = 1D6058900D05DD3D006BFB54 /* Unity-iPhone */;
			targetProxy = 5623C58117FDCB0900090B9E /* PBXContainerItemProxy */;
		};
/* End PBXTargetDependency section */

/* Begin PBXVariantGroup section */
		5623C57B17FDCB0900090B9E /* InfoPlist.strings */ = {
			isa = PBXVariantGroup;
			children = (
				5623C57C17FDCB0900090B9E /* en */,
			);
			name = InfoPlist.strings;
			sourceTree = "<group>";
		};
/* End PBXVariantGroup section */

/* Begin XCBuildConfiguration section */
		1D6058940D05DD3E006BFB54 /* Debug */ = {
			isa = XCBuildConfiguration;
			buildSettings = {
				ALWAYS_SEARCH_USER_PATHS = NO;
				ARCHS = armv7;
				ASSETCATALOG_COMPILER_APPICON_NAME = AppIcon;
				ASSETCATALOG_COMPILER_LAUNCHIMAGE_NAME = LaunchImage;
				CLANG_CXX_LANGUAGE_STANDARD = "c++0x";
				CLANG_CXX_LIBRARY = "libc++";
				CLANG_ENABLE_OBJC_ARC = YES;
				CLANG_WARN_DEPRECATED_OBJC_IMPLEMENTATIONS = YES;
				COPY_PHASE_STRIP = NO;
				ENABLE_BITCODE = NO;
				FRAMEWORK_SEARCH_PATHS = "$(inherited)";
				GCC_DYNAMIC_NO_PIC = NO;
				GCC_ENABLE_CPP_EXCEPTIONS = NO;
				GCC_OPTIMIZATION_LEVEL = 0;
				GCC_PRECOMPILE_PREFIX_HEADER = YES;
				GCC_PREFIX_HEADER = Classes/Prefix.pch;
				GCC_USE_INDIRECT_FUNCTION_CALLS = NO;
				HEADER_SEARCH_PATHS = (
					"\"$(SRCROOT)/Classes\"",
					"\"$(SRCROOT)\"",
				);
				INFOPLIST_FILE = Info.plist;
				IPHONEOS_DEPLOYMENT_TARGET = 6.0;
				LIBRARY_SEARCH_PATHS = (
					"$(inherited)",
					"\"$(SRCROOT)\"",
					"\"$(SRCROOT)/Libraries\"",
				);
				ONLY_ACTIVE_ARCH = YES;
				OTHER_CFLAGS = "-mno-thumb";
				OTHER_LDFLAGS = (
					"-weak_framework",
					CoreMotion,
					"-weak-lSystem",
				);
				PRODUCT_NAME = demo;
				SDKROOT = iphoneos;
				SUPPORTED_PLATFORMS = iphoneos;
				TARGETED_DEVICE_FAMILY = "1,2";
				UNITY_RUNTIME_VERSION = 5.4.0f3;
				UNITY_SCRIPTING_BACKEND = mono2x;
			};
			name = Debug;
		};
		1D6058950D05DD3E006BFB54 /* Release */ = {
			isa = XCBuildConfiguration;
			buildSettings = {
				ALWAYS_SEARCH_USER_PATHS = NO;
				ARCHS = armv7;
				ASSETCATALOG_COMPILER_APPICON_NAME = AppIcon;
				ASSETCATALOG_COMPILER_LAUNCHIMAGE_NAME = LaunchImage;
				CLANG_CXX_LANGUAGE_STANDARD = "c++0x";
				CLANG_CXX_LIBRARY = "libc++";
				CLANG_ENABLE_OBJC_ARC = YES;
				CLANG_WARN_DEPRECATED_OBJC_IMPLEMENTATIONS = YES;
				COPY_PHASE_STRIP = YES;
				ENABLE_BITCODE = NO;
				FRAMEWORK_SEARCH_PATHS = "$(inherited)";
				GCC_ENABLE_CPP_EXCEPTIONS = NO;
				GCC_PRECOMPILE_PREFIX_HEADER = YES;
				GCC_PREFIX_HEADER = Classes/Prefix.pch;
				HEADER_SEARCH_PATHS = (
					"\"$(SRCROOT)/Classes\"",
					"\"$(SRCROOT)\"",
				);
				INFOPLIST_FILE = Info.plist;
				IPHONEOS_DEPLOYMENT_TARGET = 6.0;
				LIBRARY_SEARCH_PATHS = (
					"$(inherited)",
					"\"$(SRCROOT)\"",
					"\"$(SRCROOT)/Libraries\"",
				);
				ONLY_ACTIVE_ARCH = NO;
				OTHER_CFLAGS = "-mno-thumb";
				OTHER_LDFLAGS = (
					"-weak_framework",
					CoreMotion,
					"-weak-lSystem",
				);
				PRODUCT_NAME = demo;
				SDKROOT = iphoneos;
				SUPPORTED_PLATFORMS = iphoneos;
				TARGETED_DEVICE_FAMILY = "1,2";
				UNITY_RUNTIME_VERSION = 5.4.0f3;
				UNITY_SCRIPTING_BACKEND = mono2x;
			};
			name = Release;
		};
		5623C58317FDCB0900090B9E /* Release */ = {
			isa = XCBuildConfiguration;
			buildSettings = {
				ALWAYS_SEARCH_USER_PATHS = NO;
				ARCHS = armv7;
				BUNDLE_LOADER = "$(BUILD_DIR)/$(CONFIGURATION)$(EFFECTIVE_PLATFORM_NAME)/$(PRODUCT_NAME).app/$(PRODUCT_NAME)";
				CLANG_CXX_LANGUAGE_STANDARD = "gnu++0x";
				CLANG_CXX_LIBRARY = "libc++";
				CLANG_ENABLE_MODULES = YES;
				CLANG_ENABLE_OBJC_ARC = YES;
				CLANG_WARN_BOOL_CONVERSION = YES;
				CLANG_WARN_CONSTANT_CONVERSION = YES;
				CLANG_WARN_DIRECT_OBJC_ISA_USAGE = YES_ERROR;
				CLANG_WARN_EMPTY_BODY = YES;
				CLANG_WARN_ENUM_CONVERSION = YES;
				CLANG_WARN_INT_CONVERSION = YES;
				CLANG_WARN_OBJC_ROOT_CLASS = YES_ERROR;
				CLANG_WARN__DUPLICATE_METHOD_MATCH = YES;
				COPY_PHASE_STRIP = YES;
				ENABLE_BITCODE = NO;
				ENABLE_NS_ASSERTIONS = NO;
				FRAMEWORK_SEARCH_PATHS = "$(inherited)";
				GCC_C_LANGUAGE_STANDARD = gnu99;
				GCC_PRECOMPILE_PREFIX_HEADER = YES;
				GCC_PREFIX_HEADER = "Unity-iPhone Tests/Unity-iPhone Tests-Prefix.pch";
				GCC_WARN_64_TO_32_BIT_CONVERSION = YES;
				GCC_WARN_ABOUT_RETURN_TYPE = YES_ERROR;
				GCC_WARN_UNDECLARED_SELECTOR = YES;
				GCC_WARN_UNINITIALIZED_AUTOS = YES;
				GCC_WARN_UNUSED_FUNCTION = YES;
				INFOPLIST_FILE = "Unity-iPhone Tests/Unity-iPhone Tests-Info.plist";
				IPHONEOS_DEPLOYMENT_TARGET = 6.0;
				PRODUCT_NAME = demo;
				SDKROOT = iphoneos;
				SUPPORTED_PLATFORMS = iphoneos;
				TARGETED_DEVICE_FAMILY = "1,2";
				TEST_HOST = "$(BUNDLE_LOADER)";
				UNITY_RUNTIME_VERSION = 5.4.0f3;
				UNITY_SCRIPTING_BACKEND = mono2x;
				VALIDATE_PRODUCT = YES;
				WRAPPER_EXTENSION = xctest;
			};
			name = Release;
		};
		5623C58417FDCB0900090B9E /* Debug */ = {
			isa = XCBuildConfiguration;
			buildSettings = {
				ALWAYS_SEARCH_USER_PATHS = NO;
				ARCHS = armv7;
				BUNDLE_LOADER = "$(BUILD_DIR)/$(CONFIGURATION)$(EFFECTIVE_PLATFORM_NAME)/$(PRODUCT_NAME).app/$(PRODUCT_NAME)";
				CLANG_CXX_LANGUAGE_STANDARD = "gnu++0x";
				CLANG_CXX_LIBRARY = "libc++";
				CLANG_ENABLE_MODULES = YES;
				CLANG_ENABLE_OBJC_ARC = YES;
				CLANG_WARN_BOOL_CONVERSION = YES;
				CLANG_WARN_CONSTANT_CONVERSION = YES;
				CLANG_WARN_DIRECT_OBJC_ISA_USAGE = YES_ERROR;
				CLANG_WARN_EMPTY_BODY = YES;
				CLANG_WARN_ENUM_CONVERSION = YES;
				CLANG_WARN_INT_CONVERSION = YES;
				CLANG_WARN_OBJC_ROOT_CLASS = YES_ERROR;
				CLANG_WARN__DUPLICATE_METHOD_MATCH = YES;
				COPY_PHASE_STRIP = NO;
				ENABLE_BITCODE = NO;
				FRAMEWORK_SEARCH_PATHS = "$(inherited)";
				GCC_C_LANGUAGE_STANDARD = gnu99;
				GCC_DYNAMIC_NO_PIC = NO;
				GCC_OPTIMIZATION_LEVEL = 0;
				GCC_PRECOMPILE_PREFIX_HEADER = YES;
				GCC_PREFIX_HEADER = "Unity-iPhone Tests/Unity-iPhone Tests-Prefix.pch";
				GCC_PREPROCESSOR_DEFINITIONS = (
					"DEBUG=1",
					"$(inherited)",
				);
				GCC_SYMBOLS_PRIVATE_EXTERN = NO;
				GCC_WARN_64_TO_32_BIT_CONVERSION = YES;
				GCC_WARN_ABOUT_RETURN_TYPE = YES_ERROR;
				GCC_WARN_UNDECLARED_SELECTOR = YES;
				GCC_WARN_UNINITIALIZED_AUTOS = YES;
				GCC_WARN_UNUSED_FUNCTION = YES;
				INFOPLIST_FILE = "Unity-iPhone Tests/Unity-iPhone Tests-Info.plist";
				IPHONEOS_DEPLOYMENT_TARGET = 6.0;
				ONLY_ACTIVE_ARCH = YES;
				PRODUCT_NAME = demo;
				SDKROOT = iphoneos;
				SUPPORTED_PLATFORMS = iphoneos;
				TARGETED_DEVICE_FAMILY = "1,2";
				TEST_HOST = "$(BUNDLE_LOADER)";
				UNITY_RUNTIME_VERSION = 5.4.0f3;
				UNITY_SCRIPTING_BACKEND = mono2x;
				WRAPPER_EXTENSION = xctest;
			};
			name = Debug;
		};
		C01FCF4F08A954540054247B /* Debug */ = {
			isa = XCBuildConfiguration;
			buildSettings = {
				ARCHS = armv7;
				"CODE_SIGN_IDENTITY[sdk=iphoneos*]" = "iPhone Developer";
				DEBUG_INFORMATION_FORMAT = dwarf;
				ENABLE_BITCODE = YES;
				GCC_C_LANGUAGE_STANDARD = c99;
				GCC_ENABLE_CPP_EXCEPTIONS = NO;
				GCC_ENABLE_CPP_RTTI = NO;
				GCC_ENABLE_OBJC_EXCEPTIONS = NO;
				GCC_THUMB_SUPPORT = NO;
				GCC_USE_INDIRECT_FUNCTION_CALLS = YES;
				GCC_WARN_ABOUT_RETURN_TYPE = YES;
				GCC_WARN_UNUSED_VARIABLE = YES;
				ONLY_ACTIVE_ARCH = NO;
				OTHER_LDFLAGS = "";
				SDKROOT = iphoneos;
				SUPPORTED_PLATFORMS = iphoneos;
			};
			name = Debug;
		};
		C01FCF5008A954540054247B /* Release */ = {
			isa = XCBuildConfiguration;
			buildSettings = {
				ARCHS = armv7;
				"CODE_SIGN_IDENTITY[sdk=iphoneos*]" = "iPhone Developer";
				ENABLE_BITCODE = YES;
				GCC_C_LANGUAGE_STANDARD = c99;
				GCC_ENABLE_CPP_EXCEPTIONS = NO;
				GCC_ENABLE_CPP_RTTI = NO;
				GCC_ENABLE_OBJC_EXCEPTIONS = NO;
				GCC_THUMB_SUPPORT = NO;
				GCC_USE_INDIRECT_FUNCTION_CALLS = NO;
				GCC_WARN_ABOUT_RETURN_TYPE = YES;
				GCC_WARN_UNUSED_VARIABLE = YES;
				SDKROOT = iphoneos;
				SUPPORTED_PLATFORMS = iphoneos;
			};
			name = Release;
		};
/* End XCBuildConfiguration section */

/* Begin XCConfigurationList section */
		1D6058960D05DD3E006BFB54 /* Build configuration list for PBXNativeTarget "Unity-iPhone" */ = {
			isa = XCConfigurationList;
			buildConfigurations = (
				1D6058950D05DD3E006BFB54 /* Release */,
				1D6058940D05DD3E006BFB54 /* Debug */,
			);
			defaultConfigurationIsVisible = 0;
			defaultConfigurationName = Release;
		};
		5623C58517FDCB0900090B9E /* Build configuration list for PBXNativeTarget "Unity-iPhone Tests" */ = {
			isa = XCConfigurationList;
			buildConfigurations = (
				5623C58317FDCB0900090B9E /* Release */,
				5623C58417FDCB0900090B9E /* Debug */,
			);
			defaultConfigurationIsVisible = 0;
			defaultConfigurationName = Release;
		};
		C01FCF4E08A954540054247B /* Build configuration list for PBXProject "Unity-iPhone" */ = {
			isa = XCConfigurationList;
			buildConfigurations = (
				C01FCF5008A954540054247B /* Release */,
				C01FCF4F08A954540054247B /* Debug */,
			);
			defaultConfigurationIsVisible = 0;
			defaultConfigurationName = Release;
		};
/* End XCConfigurationList section */
	};
	rootObject = 29B97313FDCFA39411CA2CEA /* Project object */;
}
